// !$*UTF8*$!
{
	archiveVersion = 1;
	classes = {
	};
	objectVersion = 51;
	objects = {

/* Begin PBXBuildFile section */
		0D1763FBC7E281DF173E38DE /* Pods_happySwift.framework in Frameworks */ = {isa = PBXBuildFile; fileRef = 2E394ECEDE8672B6A0F27DA9 /* Pods_happySwift.framework */; };
		D115E7672672199600933A9E /* DSPagingListContainerView.swift in Sources */ = {isa = PBXBuildFile; fileRef = D115E7662672199600933A9E /* DSPagingListContainerView.swift */; };
		D15EB88520E9F9A7009626DE /* happySwift.xcdatamodeld in Sources */ = {isa = PBXBuildFile; fileRef = D15EB88320E9F9A7009626DE /* happySwift.xcdatamodeld */; };
		D1632AB0265B96400025A2A3 /* extensionUIColor.swift in Sources */ = {isa = PBXBuildFile; fileRef = D1632AA4265B96400025A2A3 /* extensionUIColor.swift */; };
		D1632AB1265B96400025A2A3 /* ExtensionUINib.swift in Sources */ = {isa = PBXBuildFile; fileRef = D1632AA5265B96400025A2A3 /* ExtensionUINib.swift */; };
		D1632AB2265B96400025A2A3 /* extensionUIDevice.swift in Sources */ = {isa = PBXBuildFile; fileRef = D1632AA6265B96400025A2A3 /* extensionUIDevice.swift */; };
		D1632AB3265B96400025A2A3 /* extensionUIView.swift in Sources */ = {isa = PBXBuildFile; fileRef = D1632AA7265B96400025A2A3 /* extensionUIView.swift */; };
		D1632AB4265B96400025A2A3 /* extensionPHAsset.swift in Sources */ = {isa = PBXBuildFile; fileRef = D1632AA8265B96400025A2A3 /* extensionPHAsset.swift */; };
		D1632AB5265B96400025A2A3 /* extensionNSObject.swift in Sources */ = {isa = PBXBuildFile; fileRef = D1632AA9265B96400025A2A3 /* extensionNSObject.swift */; };
		D1632AB6265B96400025A2A3 /* extensionUIImage.swift in Sources */ = {isa = PBXBuildFile; fileRef = D1632AAA265B96400025A2A3 /* extensionUIImage.swift */; };
		D1632AB7265B96400025A2A3 /* extensionString.swift in Sources */ = {isa = PBXBuildFile; fileRef = D1632AAB265B96400025A2A3 /* extensionString.swift */; };
		D1632AB8265B96400025A2A3 /* extensionNSAttributedString.swift in Sources */ = {isa = PBXBuildFile; fileRef = D1632AAC265B96400025A2A3 /* extensionNSAttributedString.swift */; };
		D1632AB9265B96400025A2A3 /* extensionUIAlertController.swift in Sources */ = {isa = PBXBuildFile; fileRef = D1632AAD265B96400025A2A3 /* extensionUIAlertController.swift */; };
		D1632ABA265B96400025A2A3 /* extensionUILabel.swift in Sources */ = {isa = PBXBuildFile; fileRef = D1632AAE265B96400025A2A3 /* extensionUILabel.swift */; };
		D1632ABB265B96400025A2A3 /* extensionArray.swift in Sources */ = {isa = PBXBuildFile; fileRef = D1632AAF265B96400025A2A3 /* extensionArray.swift */; };
		D1632B15265B99180025A2A3 /* BaseNavigationBar.xib in Resources */ = {isa = PBXBuildFile; fileRef = D1632B14265B99180025A2A3 /* BaseNavigationBar.xib */; };
		D1632B21265BA7230025A2A3 /* TMSTableViewRow.swift in Sources */ = {isa = PBXBuildFile; fileRef = D1632B20265BA7230025A2A3 /* TMSTableViewRow.swift */; };
		D1632B23265BA7530025A2A3 /* TMSViewController.swift in Sources */ = {isa = PBXBuildFile; fileRef = D1632B22265BA7530025A2A3 /* TMSViewController.swift */; };
		D1632B28265BA8520025A2A3 /* HomeTableViewListCell.swift in Sources */ = {isa = PBXBuildFile; fileRef = D1632B24265BA8520025A2A3 /* HomeTableViewListCell.swift */; };
		D1632B29265BA8520025A2A3 /* HomeTableView.swift in Sources */ = {isa = PBXBuildFile; fileRef = D1632B25265BA8520025A2A3 /* HomeTableView.swift */; };
		D1632B2A265BA8520025A2A3 /* HomeTableViewListCell.xib in Resources */ = {isa = PBXBuildFile; fileRef = D1632B26265BA8520025A2A3 /* HomeTableViewListCell.xib */; };
		D1632B2B265BA8520025A2A3 /* HomeViewController.swift in Sources */ = {isa = PBXBuildFile; fileRef = D1632B27265BA8520025A2A3 /* HomeViewController.swift */; };
		D1632B2D265BA9640025A2A3 /* TMSTableView.swift in Sources */ = {isa = PBXBuildFile; fileRef = D1632B2C265BA9640025A2A3 /* TMSTableView.swift */; };
		D1632B30265BAA1A0025A2A3 /* TMSTableViewMenuCell.swift in Sources */ = {isa = PBXBuildFile; fileRef = D1632B2E265BAA1A0025A2A3 /* TMSTableViewMenuCell.swift */; };
		D1632B31265BAA1A0025A2A3 /* TMSTableViewMenuCell.xib in Resources */ = {isa = PBXBuildFile; fileRef = D1632B2F265BAA1A0025A2A3 /* TMSTableViewMenuCell.xib */; };
		D1632B33265BAB140025A2A3 /* TMSTableViewMenu.swift in Sources */ = {isa = PBXBuildFile; fileRef = D1632B32265BAB140025A2A3 /* TMSTableViewMenu.swift */; };
		D18542F02671BB8A00927EB0 /* NestedViewController.swift in Sources */ = {isa = PBXBuildFile; fileRef = D18542EF2671BB8A00927EB0 /* NestedViewController.swift */; };
		D18542FF2671DDB900927EB0 /* NestedSubViewController.swift in Sources */ = {isa = PBXBuildFile; fileRef = D18542FE2671DDB900927EB0 /* NestedSubViewController.swift */; };
		D18543012671DDD300927EB0 /* NestedListViewController.swift in Sources */ = {isa = PBXBuildFile; fileRef = D18543002671DDD300927EB0 /* NestedListViewController.swift */; };
		D18543092672009200927EB0 /* DSPagingView.swift in Sources */ = {isa = PBXBuildFile; fileRef = D18543082672009200927EB0 /* DSPagingView.swift */; };
		D1BFC5CE26735715002B8B72 /* DSPagingMainCollectionView.swift in Sources */ = {isa = PBXBuildFile; fileRef = D1BFC5CD26735715002B8B72 /* DSPagingMainCollectionView.swift */; };
		D1FAF87326034A440008D092 /* DSNibLoadable.swift in Sources */ = {isa = PBXBuildFile; fileRef = D1FAF86726034A440008D092 /* DSNibLoadable.swift */; };
		D1FAF87426034A440008D092 /* DSRouterParamsProtocol.swift in Sources */ = {isa = PBXBuildFile; fileRef = D1FAF86826034A440008D092 /* DSRouterParamsProtocol.swift */; };
		D1FAF87526034A440008D092 /* DSNibReusable.swift in Sources */ = {isa = PBXBuildFile; fileRef = D1FAF86926034A440008D092 /* DSNibReusable.swift */; };
		D1FAF87626034A440008D092 /* UIView+dialogable.swift in Sources */ = {isa = PBXBuildFile; fileRef = D1FAF86A26034A440008D092 /* UIView+dialogable.swift */; };
		D1FAF87726034A440008D092 /* DSNibReusable+UITableView.swift in Sources */ = {isa = PBXBuildFile; fileRef = D1FAF86B26034A440008D092 /* DSNibReusable+UITableView.swift */; };
		D1FAF87826034A440008D092 /* EnumCodable.swift in Sources */ = {isa = PBXBuildFile; fileRef = D1FAF86C26034A440008D092 /* EnumCodable.swift */; };
		D1FAF87926034A440008D092 /* Refreshable.swift in Sources */ = {isa = PBXBuildFile; fileRef = D1FAF86D26034A440008D092 /* Refreshable.swift */; };
		D1FAF87A26034A440008D092 /* DSNibLoadable+UIView.swift in Sources */ = {isa = PBXBuildFile; fileRef = D1FAF86E26034A440008D092 /* DSNibLoadable+UIView.swift */; };
		D1FAF87B26034A440008D092 /* DSPopupProtocol.swift in Sources */ = {isa = PBXBuildFile; fileRef = D1FAF86F26034A440008D092 /* DSPopupProtocol.swift */; };
		D1FAF87C26034A440008D092 /* DSReusable.swift in Sources */ = {isa = PBXBuildFile; fileRef = D1FAF87026034A440008D092 /* DSReusable.swift */; };
		D1FAF87D26034A440008D092 /* DSNibReusable+UICollectionView.swift in Sources */ = {isa = PBXBuildFile; fileRef = D1FAF87126034A440008D092 /* DSNibReusable+UICollectionView.swift */; };
		D1FAF87E26034A440008D092 /* DSKeyboardProtocol.swift in Sources */ = {isa = PBXBuildFile; fileRef = D1FAF87226034A440008D092 /* DSKeyboardProtocol.swift */; };
		D1FAF88826034AC10008D092 /* DSVMTableViewRow.swift in Sources */ = {isa = PBXBuildFile; fileRef = D1FAF88126034AC10008D092 /* DSVMTableViewRow.swift */; };
		D1FAF88926034AC10008D092 /* DSVMTableView.swift in Sources */ = {isa = PBXBuildFile; fileRef = D1FAF88226034AC10008D092 /* DSVMTableView.swift */; };
		D1FAF88A26034AC10008D092 /* DSVMTableViewRowProtocol.swift in Sources */ = {isa = PBXBuildFile; fileRef = D1FAF88326034AC10008D092 /* DSVMTableViewRowProtocol.swift */; };
		D1FAF88B26034AC10008D092 /* DSVMCollectionView.swift in Sources */ = {isa = PBXBuildFile; fileRef = D1FAF88526034AC10008D092 /* DSVMCollectionView.swift */; };
		D1FAF88C26034AC10008D092 /* DSVMCollectionViewRow.swift in Sources */ = {isa = PBXBuildFile; fileRef = D1FAF88626034AC10008D092 /* DSVMCollectionViewRow.swift */; };
		D1FAF88D26034AC10008D092 /* DSVMCollectionViewRowProtocol.swift in Sources */ = {isa = PBXBuildFile; fileRef = D1FAF88726034AC10008D092 /* DSVMCollectionViewRowProtocol.swift */; };
		E8744DD62444B8A50079BC59 /* HSShowViewController.swift in Sources */ = {isa = PBXBuildFile; fileRef = E8744DB72444B8A50079BC59 /* HSShowViewController.swift */; };
		E8744DD72444B8A50079BC59 /* HSDefine.swift in Sources */ = {isa = PBXBuildFile; fileRef = E8744DB82444B8A50079BC59 /* HSDefine.swift */; };
		E8744DD82444B8A50079BC59 /* HSObject.swift in Sources */ = {isa = PBXBuildFile; fileRef = E8744DB92444B8A50079BC59 /* HSObject.swift */; };
		E8744DD92444B8A50079BC59 /* HSStruct.swift in Sources */ = {isa = PBXBuildFile; fileRef = E8744DBA2444B8A50079BC59 /* HSStruct.swift */; };
		E8744DDA2444B8A50079BC59 /* HSCollectionViewCell.swift in Sources */ = {isa = PBXBuildFile; fileRef = E8744DBB2444B8A50079BC59 /* HSCollectionViewCell.swift */; };
		E8744DDB2444B8A50079BC59 /* HSEnum.swift in Sources */ = {isa = PBXBuildFile; fileRef = E8744DBC2444B8A50079BC59 /* HSEnum.swift */; };
		E8744DDC2444B8A50079BC59 /* HSCollectionViewFlowLayout.swift in Sources */ = {isa = PBXBuildFile; fileRef = E8744DBD2444B8A50079BC59 /* HSCollectionViewFlowLayout.swift */; };
		E8744DDD2444B8A50079BC59 /* HSDottedView.swift in Sources */ = {isa = PBXBuildFile; fileRef = E8744DBF2444B8A50079BC59 /* HSDottedView.swift */; };
		E8744DDE2444B8A50079BC59 /* HSProgressView.swift in Sources */ = {isa = PBXBuildFile; fileRef = E8744DC02444B8A50079BC59 /* HSProgressView.swift */; };
		E8744DDF2444B8A50079BC59 /* HSUITestViewController.swift in Sources */ = {isa = PBXBuildFile; fileRef = E8744DC12444B8A50079BC59 /* HSUITestViewController.swift */; };
		E8744DE02444B8A50079BC59 /* VMUnit.swift in Sources */ = {isa = PBXBuildFile; fileRef = E8744DC32444B8A50079BC59 /* VMUnit.swift */; };
		E8744DE12444B8A50079BC59 /* MenuPageViewController.swift in Sources */ = {isa = PBXBuildFile; fileRef = E8744DC42444B8A50079BC59 /* MenuPageViewController.swift */; };
		E8744DE22444B8A50079BC59 /* VMCellFirst.swift in Sources */ = {isa = PBXBuildFile; fileRef = E8744DC52444B8A50079BC59 /* VMCellFirst.swift */; };
		E8744DE32444B8A50079BC59 /* VMMirrorCell.swift in Sources */ = {isa = PBXBuildFile; fileRef = E8744DC62444B8A50079BC59 /* VMMirrorCell.swift */; };
		E8744DE42444B8A50079BC59 /* MenuPageView.swift in Sources */ = {isa = PBXBuildFile; fileRef = E8744DC72444B8A50079BC59 /* MenuPageView.swift */; };
		E8744DE52444B8A50079BC59 /* VMCellSecond.swift in Sources */ = {isa = PBXBuildFile; fileRef = E8744DC82444B8A50079BC59 /* VMCellSecond.swift */; };
		E8744DE62444B8A50079BC59 /* UnitDefine.swift in Sources */ = {isa = PBXBuildFile; fileRef = E8744DCA2444B8A50079BC59 /* UnitDefine.swift */; };
		E8744DE72444B8A50079BC59 /* UnitIphoneX.swift in Sources */ = {isa = PBXBuildFile; fileRef = E8744DCB2444B8A50079BC59 /* UnitIphoneX.swift */; };
		E8744DE82444B8A50079BC59 /* ERJson.swift in Sources */ = {isa = PBXBuildFile; fileRef = E8744DCD2444B8A50079BC59 /* ERJson.swift */; };
		E8744DE92444B8A50079BC59 /* ERNetwork.swift in Sources */ = {isa = PBXBuildFile; fileRef = E8744DCE2444B8A50079BC59 /* ERNetwork.swift */; };
		E8744DEA2444B8A50079BC59 /* Assets.xcassets in Resources */ = {isa = PBXBuildFile; fileRef = E8744DD02444B8A50079BC59 /* Assets.xcassets */; };
		E8744DEB2444B8A50079BC59 /* resources.bundle in Resources */ = {isa = PBXBuildFile; fileRef = E8744DD12444B8A50079BC59 /* resources.bundle */; };
		E8744DEC2444B8A50079BC59 /* LaunchScreen.storyboard in Resources */ = {isa = PBXBuildFile; fileRef = E8744DD42444B8A50079BC59 /* LaunchScreen.storyboard */; };
		E8744DED2444B8A50079BC59 /* Main.storyboard in Resources */ = {isa = PBXBuildFile; fileRef = E8744DD52444B8A50079BC59 /* Main.storyboard */; };
		E8744DEF2444B95F0079BC59 /* BaseDelegate.swift in Sources */ = {isa = PBXBuildFile; fileRef = E8744DEE2444B95F0079BC59 /* BaseDelegate.swift */; };
		E8744DF12444BB250079BC59 /* BaseNavigationController.swift in Sources */ = {isa = PBXBuildFile; fileRef = E8744DF02444BB250079BC59 /* BaseNavigationController.swift */; };
		E8744DF32444BB4E0079BC59 /* BaseTabBarController.swift in Sources */ = {isa = PBXBuildFile; fileRef = E8744DF22444BB4E0079BC59 /* BaseTabBarController.swift */; };
		E8744DF52444BB8D0079BC59 /* BaseViewController.swift in Sources */ = {isa = PBXBuildFile; fileRef = E8744DF42444BB8D0079BC59 /* BaseViewController.swift */; };
		E8744DF72444BBC40079BC59 /* BaseNavigationBar.swift in Sources */ = {isa = PBXBuildFile; fileRef = E8744DF62444BBC40079BC59 /* BaseNavigationBar.swift */; };
		E8744DFA2444BCEF0079BC59 /* ViewController.swift in Sources */ = {isa = PBXBuildFile; fileRef = E8744DF82444BCEF0079BC59 /* ViewController.swift */; };
		E8744DFB2444BCEF0079BC59 /* AppDelegate.swift in Sources */ = {isa = PBXBuildFile; fileRef = E8744DF92444BCEF0079BC59 /* AppDelegate.swift */; };
		E8744DFD2444BD5A0079BC59 /* MainTabBarController.swift in Sources */ = {isa = PBXBuildFile; fileRef = E8744DFC2444BD5A0079BC59 /* MainTabBarController.swift */; };
		E8744DFF2444BDBD0079BC59 /* MainNavigationController.swift in Sources */ = {isa = PBXBuildFile; fileRef = E8744DFE2444BDBD0079BC59 /* MainNavigationController.swift */; };
/* End PBXBuildFile section */

/* Begin PBXCopyFilesBuildPhase section */
		D199FA5C23B4961400A71CCF /* Embed Frameworks */ = {
			isa = PBXCopyFilesBuildPhase;
			buildActionMask = 2147483647;
			dstPath = "";
			dstSubfolderSpec = 10;
			files = (
			);
			name = "Embed Frameworks";
			runOnlyForDeploymentPostprocessing = 0;
		};
/* End PBXCopyFilesBuildPhase section */

/* Begin PBXFileReference section */
		2E394ECEDE8672B6A0F27DA9 /* Pods_happySwift.framework */ = {isa = PBXFileReference; explicitFileType = wrapper.framework; includeInIndex = 0; path = Pods_happySwift.framework; sourceTree = BUILT_PRODUCTS_DIR; };
		9C0ADBC8CB8C412AA22D6ED5 /* Pods-happySwift.release.xcconfig */ = {isa = PBXFileReference; includeInIndex = 1; lastKnownFileType = text.xcconfig; name = "Pods-happySwift.release.xcconfig"; path = "../Pods/Target Support Files/Pods-happySwift/Pods-happySwift.release.xcconfig"; sourceTree = "<group>"; };
		B66E2F43DFCE421080F40600 /* Pods-happySwift.debug.xcconfig */ = {isa = PBXFileReference; includeInIndex = 1; lastKnownFileType = text.xcconfig; name = "Pods-happySwift.debug.xcconfig"; path = "../Pods/Target Support Files/Pods-happySwift/Pods-happySwift.debug.xcconfig"; sourceTree = "<group>"; };
		D115E7662672199600933A9E /* DSPagingListContainerView.swift */ = {isa = PBXFileReference; fileEncoding = 4; lastKnownFileType = sourcecode.swift; path = DSPagingListContainerView.swift; sourceTree = "<group>"; };
		D15EB87920E9F9A7009626DE /* happySwift.app */ = {isa = PBXFileReference; explicitFileType = wrapper.application; includeInIndex = 0; path = happySwift.app; sourceTree = BUILT_PRODUCTS_DIR; };
		D15EB88420E9F9A7009626DE /* happySwift.xcdatamodel */ = {isa = PBXFileReference; lastKnownFileType = wrapper.xcdatamodel; path = happySwift.xcdatamodel; sourceTree = "<group>"; };
		D15EB88B20E9F9A8009626DE /* Info.plist */ = {isa = PBXFileReference; lastKnownFileType = text.plist.xml; path = Info.plist; sourceTree = "<group>"; };
		D1632AA4265B96400025A2A3 /* extensionUIColor.swift */ = {isa = PBXFileReference; fileEncoding = 4; lastKnownFileType = sourcecode.swift; path = extensionUIColor.swift; sourceTree = "<group>"; };
		D1632AA5265B96400025A2A3 /* ExtensionUINib.swift */ = {isa = PBXFileReference; fileEncoding = 4; lastKnownFileType = sourcecode.swift; path = ExtensionUINib.swift; sourceTree = "<group>"; };
		D1632AA6265B96400025A2A3 /* extensionUIDevice.swift */ = {isa = PBXFileReference; fileEncoding = 4; lastKnownFileType = sourcecode.swift; path = extensionUIDevice.swift; sourceTree = "<group>"; };
		D1632AA7265B96400025A2A3 /* extensionUIView.swift */ = {isa = PBXFileReference; fileEncoding = 4; lastKnownFileType = sourcecode.swift; path = extensionUIView.swift; sourceTree = "<group>"; };
		D1632AA8265B96400025A2A3 /* extensionPHAsset.swift */ = {isa = PBXFileReference; fileEncoding = 4; lastKnownFileType = sourcecode.swift; path = extensionPHAsset.swift; sourceTree = "<group>"; };
		D1632AA9265B96400025A2A3 /* extensionNSObject.swift */ = {isa = PBXFileReference; fileEncoding = 4; lastKnownFileType = sourcecode.swift; path = extensionNSObject.swift; sourceTree = "<group>"; };
		D1632AAA265B96400025A2A3 /* extensionUIImage.swift */ = {isa = PBXFileReference; fileEncoding = 4; lastKnownFileType = sourcecode.swift; path = extensionUIImage.swift; sourceTree = "<group>"; };
		D1632AAB265B96400025A2A3 /* extensionString.swift */ = {isa = PBXFileReference; fileEncoding = 4; lastKnownFileType = sourcecode.swift; path = extensionString.swift; sourceTree = "<group>"; };
		D1632AAC265B96400025A2A3 /* extensionNSAttributedString.swift */ = {isa = PBXFileReference; fileEncoding = 4; lastKnownFileType = sourcecode.swift; path = extensionNSAttributedString.swift; sourceTree = "<group>"; };
		D1632AAD265B96400025A2A3 /* extensionUIAlertController.swift */ = {isa = PBXFileReference; fileEncoding = 4; lastKnownFileType = sourcecode.swift; path = extensionUIAlertController.swift; sourceTree = "<group>"; };
		D1632AAE265B96400025A2A3 /* extensionUILabel.swift */ = {isa = PBXFileReference; fileEncoding = 4; lastKnownFileType = sourcecode.swift; path = extensionUILabel.swift; sourceTree = "<group>"; };
		D1632AAF265B96400025A2A3 /* extensionArray.swift */ = {isa = PBXFileReference; fileEncoding = 4; lastKnownFileType = sourcecode.swift; path = extensionArray.swift; sourceTree = "<group>"; };
		D1632B14265B99180025A2A3 /* BaseNavigationBar.xib */ = {isa = PBXFileReference; lastKnownFileType = file.xib; path = BaseNavigationBar.xib; sourceTree = "<group>"; };
		D1632B20265BA7230025A2A3 /* TMSTableViewRow.swift */ = {isa = PBXFileReference; fileEncoding = 4; lastKnownFileType = sourcecode.swift; path = TMSTableViewRow.swift; sourceTree = "<group>"; };
		D1632B22265BA7530025A2A3 /* TMSViewController.swift */ = {isa = PBXFileReference; lastKnownFileType = sourcecode.swift; path = TMSViewController.swift; sourceTree = "<group>"; };
		D1632B24265BA8520025A2A3 /* HomeTableViewListCell.swift */ = {isa = PBXFileReference; fileEncoding = 4; lastKnownFileType = sourcecode.swift; path = HomeTableViewListCell.swift; sourceTree = "<group>"; };
		D1632B25265BA8520025A2A3 /* HomeTableView.swift */ = {isa = PBXFileReference; fileEncoding = 4; lastKnownFileType = sourcecode.swift; path = HomeTableView.swift; sourceTree = "<group>"; };
		D1632B26265BA8520025A2A3 /* HomeTableViewListCell.xib */ = {isa = PBXFileReference; fileEncoding = 4; lastKnownFileType = file.xib; path = HomeTableViewListCell.xib; sourceTree = "<group>"; };
		D1632B27265BA8520025A2A3 /* HomeViewController.swift */ = {isa = PBXFileReference; fileEncoding = 4; lastKnownFileType = sourcecode.swift; path = HomeViewController.swift; sourceTree = "<group>"; };
		D1632B2C265BA9640025A2A3 /* TMSTableView.swift */ = {isa = PBXFileReference; lastKnownFileType = sourcecode.swift; path = TMSTableView.swift; sourceTree = "<group>"; };
		D1632B2E265BAA1A0025A2A3 /* TMSTableViewMenuCell.swift */ = {isa = PBXFileReference; lastKnownFileType = sourcecode.swift; path = TMSTableViewMenuCell.swift; sourceTree = "<group>"; };
		D1632B2F265BAA1A0025A2A3 /* TMSTableViewMenuCell.xib */ = {isa = PBXFileReference; lastKnownFileType = file.xib; path = TMSTableViewMenuCell.xib; sourceTree = "<group>"; };
		D1632B32265BAB140025A2A3 /* TMSTableViewMenu.swift */ = {isa = PBXFileReference; lastKnownFileType = sourcecode.swift; path = TMSTableViewMenu.swift; sourceTree = "<group>"; };
		D18542EF2671BB8A00927EB0 /* NestedViewController.swift */ = {isa = PBXFileReference; lastKnownFileType = sourcecode.swift; path = NestedViewController.swift; sourceTree = "<group>"; };
		D18542FE2671DDB900927EB0 /* NestedSubViewController.swift */ = {isa = PBXFileReference; lastKnownFileType = sourcecode.swift; path = NestedSubViewController.swift; sourceTree = "<group>"; };
		D18543002671DDD300927EB0 /* NestedListViewController.swift */ = {isa = PBXFileReference; lastKnownFileType = sourcecode.swift; path = NestedListViewController.swift; sourceTree = "<group>"; };
		D18543082672009200927EB0 /* DSPagingView.swift */ = {isa = PBXFileReference; fileEncoding = 4; lastKnownFileType = sourcecode.swift; path = DSPagingView.swift; sourceTree = "<group>"; };
		D1BFC5CD26735715002B8B72 /* DSPagingMainCollectionView.swift */ = {isa = PBXFileReference; fileEncoding = 4; lastKnownFileType = sourcecode.swift; path = DSPagingMainCollectionView.swift; sourceTree = "<group>"; };
		D1FAF86726034A440008D092 /* DSNibLoadable.swift */ = {isa = PBXFileReference; fileEncoding = 4; lastKnownFileType = sourcecode.swift; path = DSNibLoadable.swift; sourceTree = "<group>"; };
		D1FAF86826034A440008D092 /* DSRouterParamsProtocol.swift */ = {isa = PBXFileReference; fileEncoding = 4; lastKnownFileType = sourcecode.swift; path = DSRouterParamsProtocol.swift; sourceTree = "<group>"; };
		D1FAF86926034A440008D092 /* DSNibReusable.swift */ = {isa = PBXFileReference; fileEncoding = 4; lastKnownFileType = sourcecode.swift; path = DSNibReusable.swift; sourceTree = "<group>"; };
		D1FAF86A26034A440008D092 /* UIView+dialogable.swift */ = {isa = PBXFileReference; fileEncoding = 4; lastKnownFileType = sourcecode.swift; path = "UIView+dialogable.swift"; sourceTree = "<group>"; };
		D1FAF86B26034A440008D092 /* DSNibReusable+UITableView.swift */ = {isa = PBXFileReference; fileEncoding = 4; lastKnownFileType = sourcecode.swift; path = "DSNibReusable+UITableView.swift"; sourceTree = "<group>"; };
		D1FAF86C26034A440008D092 /* EnumCodable.swift */ = {isa = PBXFileReference; fileEncoding = 4; lastKnownFileType = sourcecode.swift; path = EnumCodable.swift; sourceTree = "<group>"; };
		D1FAF86D26034A440008D092 /* Refreshable.swift */ = {isa = PBXFileReference; fileEncoding = 4; lastKnownFileType = sourcecode.swift; path = Refreshable.swift; sourceTree = "<group>"; };
		D1FAF86E26034A440008D092 /* DSNibLoadable+UIView.swift */ = {isa = PBXFileReference; fileEncoding = 4; lastKnownFileType = sourcecode.swift; path = "DSNibLoadable+UIView.swift"; sourceTree = "<group>"; };
		D1FAF86F26034A440008D092 /* DSPopupProtocol.swift */ = {isa = PBXFileReference; fileEncoding = 4; lastKnownFileType = sourcecode.swift; path = DSPopupProtocol.swift; sourceTree = "<group>"; };
		D1FAF87026034A440008D092 /* DSReusable.swift */ = {isa = PBXFileReference; fileEncoding = 4; lastKnownFileType = sourcecode.swift; path = DSReusable.swift; sourceTree = "<group>"; };
		D1FAF87126034A440008D092 /* DSNibReusable+UICollectionView.swift */ = {isa = PBXFileReference; fileEncoding = 4; lastKnownFileType = sourcecode.swift; path = "DSNibReusable+UICollectionView.swift"; sourceTree = "<group>"; };
		D1FAF87226034A440008D092 /* DSKeyboardProtocol.swift */ = {isa = PBXFileReference; fileEncoding = 4; lastKnownFileType = sourcecode.swift; path = DSKeyboardProtocol.swift; sourceTree = "<group>"; };
		D1FAF88126034AC10008D092 /* DSVMTableViewRow.swift */ = {isa = PBXFileReference; fileEncoding = 4; lastKnownFileType = sourcecode.swift; path = DSVMTableViewRow.swift; sourceTree = "<group>"; };
		D1FAF88226034AC10008D092 /* DSVMTableView.swift */ = {isa = PBXFileReference; fileEncoding = 4; lastKnownFileType = sourcecode.swift; path = DSVMTableView.swift; sourceTree = "<group>"; };
		D1FAF88326034AC10008D092 /* DSVMTableViewRowProtocol.swift */ = {isa = PBXFileReference; fileEncoding = 4; lastKnownFileType = sourcecode.swift; path = DSVMTableViewRowProtocol.swift; sourceTree = "<group>"; };
		D1FAF88526034AC10008D092 /* DSVMCollectionView.swift */ = {isa = PBXFileReference; fileEncoding = 4; lastKnownFileType = sourcecode.swift; path = DSVMCollectionView.swift; sourceTree = "<group>"; };
		D1FAF88626034AC10008D092 /* DSVMCollectionViewRow.swift */ = {isa = PBXFileReference; fileEncoding = 4; lastKnownFileType = sourcecode.swift; path = DSVMCollectionViewRow.swift; sourceTree = "<group>"; };
		D1FAF88726034AC10008D092 /* DSVMCollectionViewRowProtocol.swift */ = {isa = PBXFileReference; fileEncoding = 4; lastKnownFileType = sourcecode.swift; path = DSVMCollectionViewRowProtocol.swift; sourceTree = "<group>"; };
		E8744DB72444B8A50079BC59 /* HSShowViewController.swift */ = {isa = PBXFileReference; fileEncoding = 4; lastKnownFileType = sourcecode.swift; path = HSShowViewController.swift; sourceTree = "<group>"; };
		E8744DB82444B8A50079BC59 /* HSDefine.swift */ = {isa = PBXFileReference; fileEncoding = 4; lastKnownFileType = sourcecode.swift; path = HSDefine.swift; sourceTree = "<group>"; };
		E8744DB92444B8A50079BC59 /* HSObject.swift */ = {isa = PBXFileReference; fileEncoding = 4; lastKnownFileType = sourcecode.swift; path = HSObject.swift; sourceTree = "<group>"; };
		E8744DBA2444B8A50079BC59 /* HSStruct.swift */ = {isa = PBXFileReference; fileEncoding = 4; lastKnownFileType = sourcecode.swift; path = HSStruct.swift; sourceTree = "<group>"; };
		E8744DBB2444B8A50079BC59 /* HSCollectionViewCell.swift */ = {isa = PBXFileReference; fileEncoding = 4; lastKnownFileType = sourcecode.swift; path = HSCollectionViewCell.swift; sourceTree = "<group>"; };
		E8744DBC2444B8A50079BC59 /* HSEnum.swift */ = {isa = PBXFileReference; fileEncoding = 4; lastKnownFileType = sourcecode.swift; path = HSEnum.swift; sourceTree = "<group>"; };
		E8744DBD2444B8A50079BC59 /* HSCollectionViewFlowLayout.swift */ = {isa = PBXFileReference; fileEncoding = 4; lastKnownFileType = sourcecode.swift; path = HSCollectionViewFlowLayout.swift; sourceTree = "<group>"; };
		E8744DBF2444B8A50079BC59 /* HSDottedView.swift */ = {isa = PBXFileReference; fileEncoding = 4; lastKnownFileType = sourcecode.swift; path = HSDottedView.swift; sourceTree = "<group>"; };
		E8744DC02444B8A50079BC59 /* HSProgressView.swift */ = {isa = PBXFileReference; fileEncoding = 4; lastKnownFileType = sourcecode.swift; path = HSProgressView.swift; sourceTree = "<group>"; };
		E8744DC12444B8A50079BC59 /* HSUITestViewController.swift */ = {isa = PBXFileReference; fileEncoding = 4; lastKnownFileType = sourcecode.swift; path = HSUITestViewController.swift; sourceTree = "<group>"; };
		E8744DC32444B8A50079BC59 /* VMUnit.swift */ = {isa = PBXFileReference; fileEncoding = 4; lastKnownFileType = sourcecode.swift; path = VMUnit.swift; sourceTree = "<group>"; };
		E8744DC42444B8A50079BC59 /* MenuPageViewController.swift */ = {isa = PBXFileReference; fileEncoding = 4; lastKnownFileType = sourcecode.swift; path = MenuPageViewController.swift; sourceTree = "<group>"; };
		E8744DC52444B8A50079BC59 /* VMCellFirst.swift */ = {isa = PBXFileReference; fileEncoding = 4; lastKnownFileType = sourcecode.swift; path = VMCellFirst.swift; sourceTree = "<group>"; };
		E8744DC62444B8A50079BC59 /* VMMirrorCell.swift */ = {isa = PBXFileReference; fileEncoding = 4; lastKnownFileType = sourcecode.swift; path = VMMirrorCell.swift; sourceTree = "<group>"; };
		E8744DC72444B8A50079BC59 /* MenuPageView.swift */ = {isa = PBXFileReference; fileEncoding = 4; lastKnownFileType = sourcecode.swift; path = MenuPageView.swift; sourceTree = "<group>"; };
		E8744DC82444B8A50079BC59 /* VMCellSecond.swift */ = {isa = PBXFileReference; fileEncoding = 4; lastKnownFileType = sourcecode.swift; path = VMCellSecond.swift; sourceTree = "<group>"; };
		E8744DCA2444B8A50079BC59 /* UnitDefine.swift */ = {isa = PBXFileReference; fileEncoding = 4; lastKnownFileType = sourcecode.swift; path = UnitDefine.swift; sourceTree = "<group>"; };
		E8744DCB2444B8A50079BC59 /* UnitIphoneX.swift */ = {isa = PBXFileReference; fileEncoding = 4; lastKnownFileType = sourcecode.swift; path = UnitIphoneX.swift; sourceTree = "<group>"; };
		E8744DCD2444B8A50079BC59 /* ERJson.swift */ = {isa = PBXFileReference; fileEncoding = 4; lastKnownFileType = sourcecode.swift; path = ERJson.swift; sourceTree = "<group>"; };
		E8744DCE2444B8A50079BC59 /* ERNetwork.swift */ = {isa = PBXFileReference; fileEncoding = 4; lastKnownFileType = sourcecode.swift; path = ERNetwork.swift; sourceTree = "<group>"; };
		E8744DD02444B8A50079BC59 /* Assets.xcassets */ = {isa = PBXFileReference; lastKnownFileType = folder.assetcatalog; path = Assets.xcassets; sourceTree = "<group>"; };
		E8744DD12444B8A50079BC59 /* resources.bundle */ = {isa = PBXFileReference; lastKnownFileType = "wrapper.plug-in"; path = resources.bundle; sourceTree = "<group>"; };
		E8744DD42444B8A50079BC59 /* LaunchScreen.storyboard */ = {isa = PBXFileReference; fileEncoding = 4; lastKnownFileType = file.storyboard; path = LaunchScreen.storyboard; sourceTree = "<group>"; };
		E8744DD52444B8A50079BC59 /* Main.storyboard */ = {isa = PBXFileReference; fileEncoding = 4; lastKnownFileType = file.storyboard; path = Main.storyboard; sourceTree = "<group>"; };
		E8744DEE2444B95F0079BC59 /* BaseDelegate.swift */ = {isa = PBXFileReference; lastKnownFileType = sourcecode.swift; path = BaseDelegate.swift; sourceTree = "<group>"; };
		E8744DF02444BB250079BC59 /* BaseNavigationController.swift */ = {isa = PBXFileReference; lastKnownFileType = sourcecode.swift; path = BaseNavigationController.swift; sourceTree = "<group>"; };
		E8744DF22444BB4E0079BC59 /* BaseTabBarController.swift */ = {isa = PBXFileReference; lastKnownFileType = sourcecode.swift; path = BaseTabBarController.swift; sourceTree = "<group>"; };
		E8744DF42444BB8D0079BC59 /* BaseViewController.swift */ = {isa = PBXFileReference; lastKnownFileType = sourcecode.swift; path = BaseViewController.swift; sourceTree = "<group>"; };
		E8744DF62444BBC40079BC59 /* BaseNavigationBar.swift */ = {isa = PBXFileReference; lastKnownFileType = sourcecode.swift; path = BaseNavigationBar.swift; sourceTree = "<group>"; };
		E8744DF82444BCEF0079BC59 /* ViewController.swift */ = {isa = PBXFileReference; fileEncoding = 4; lastKnownFileType = sourcecode.swift; path = ViewController.swift; sourceTree = "<group>"; };
		E8744DF92444BCEF0079BC59 /* AppDelegate.swift */ = {isa = PBXFileReference; fileEncoding = 4; lastKnownFileType = sourcecode.swift; path = AppDelegate.swift; sourceTree = "<group>"; };
		E8744DFC2444BD5A0079BC59 /* MainTabBarController.swift */ = {isa = PBXFileReference; lastKnownFileType = sourcecode.swift; path = MainTabBarController.swift; sourceTree = "<group>"; };
		E8744DFE2444BDBD0079BC59 /* MainNavigationController.swift */ = {isa = PBXFileReference; lastKnownFileType = sourcecode.swift; path = MainNavigationController.swift; sourceTree = "<group>"; };
/* End PBXFileReference section */

/* Begin PBXFrameworksBuildPhase section */
		D15EB87620E9F9A7009626DE /* Frameworks */ = {
			isa = PBXFrameworksBuildPhase;
			buildActionMask = 2147483647;
			files = (
				0D1763FBC7E281DF173E38DE /* Pods_happySwift.framework in Frameworks */,
			);
			runOnlyForDeploymentPostprocessing = 0;
		};
/* End PBXFrameworksBuildPhase section */

/* Begin PBXGroup section */
		3D69123730C1F7CF438B2D63 /* Frameworks */ = {
			isa = PBXGroup;
			children = (
				2E394ECEDE8672B6A0F27DA9 /* Pods_happySwift.framework */,
			);
			name = Frameworks;
			sourceTree = "<group>";
		};
		D15EB87020E9F9A7009626DE = {
			isa = PBXGroup;
			children = (
				D15EB87B20E9F9A7009626DE /* happySwift */,
				D15EB87A20E9F9A7009626DE /* Products */,
				EF1EE9FE99F09D1D8E0C4112 /* Pods */,
				3D69123730C1F7CF438B2D63 /* Frameworks */,
			);
			sourceTree = "<group>";
		};
		D15EB87A20E9F9A7009626DE /* Products */ = {
			isa = PBXGroup;
			children = (
				D15EB87920E9F9A7009626DE /* happySwift.app */,
			);
			name = Products;
			sourceTree = "<group>";
		};
		D15EB87B20E9F9A7009626DE /* happySwift */ = {
			isa = PBXGroup;
			children = (
				D1632AA3265B96400025A2A3 /* extension */,
				D1FAF87F26034AC10008D092 /* mvvm */,
				D1E5BFD6252334B2001C2A31 /* protocols */,
				E8744DCC2444B8A50079BC59 /* api */,
				E8744DCF2444B8A50079BC59 /* assets */,
				E8744DB42444B8A50079BC59 /* base */,
				E8744DD32444B8A50079BC59 /* main */,
				E8744DD22444B8A50079BC59 /* model */,
				E8744DB52444B8A50079BC59 /* mvc */,
				E8744DC92444B8A50079BC59 /* utility */,
				D15EB88B20E9F9A8009626DE /* Info.plist */,
				D15EB88320E9F9A7009626DE /* happySwift.xcdatamodeld */,
			);
			path = happySwift;
			sourceTree = "<group>";
		};
		D1632AA3265B96400025A2A3 /* extension */ = {
			isa = PBXGroup;
			children = (
				D1632AA4265B96400025A2A3 /* extensionUIColor.swift */,
				D1632AA5265B96400025A2A3 /* ExtensionUINib.swift */,
				D1632AA6265B96400025A2A3 /* extensionUIDevice.swift */,
				D1632AA7265B96400025A2A3 /* extensionUIView.swift */,
				D1632AA8265B96400025A2A3 /* extensionPHAsset.swift */,
				D1632AA9265B96400025A2A3 /* extensionNSObject.swift */,
				D1632AAA265B96400025A2A3 /* extensionUIImage.swift */,
				D1632AAB265B96400025A2A3 /* extensionString.swift */,
				D1632AAC265B96400025A2A3 /* extensionNSAttributedString.swift */,
				D1632AAD265B96400025A2A3 /* extensionUIAlertController.swift */,
				D1632AAE265B96400025A2A3 /* extensionUILabel.swift */,
				D1632AAF265B96400025A2A3 /* extensionArray.swift */,
			);
			path = extension;
			sourceTree = "<group>";
		};
		D1632B1F265BA6E00025A2A3 /* tms */ = {
			isa = PBXGroup;
			children = (
				D1632B20265BA7230025A2A3 /* TMSTableViewRow.swift */,
				D1632B22265BA7530025A2A3 /* TMSViewController.swift */,
				D1632B2C265BA9640025A2A3 /* TMSTableView.swift */,
				D1632B2E265BAA1A0025A2A3 /* TMSTableViewMenuCell.swift */,
				D1632B2F265BAA1A0025A2A3 /* TMSTableViewMenuCell.xib */,
				D1632B32265BAB140025A2A3 /* TMSTableViewMenu.swift */,
			);
			path = tms;
			sourceTree = "<group>";
		};
		D18542EE2671BB7700927EB0 /* nested */ = {
			isa = PBXGroup;
			children = (
				D1BFC5CD26735715002B8B72 /* DSPagingMainCollectionView.swift */,
				D115E7662672199600933A9E /* DSPagingListContainerView.swift */,
				D18543082672009200927EB0 /* DSPagingView.swift */,
				D18542EF2671BB8A00927EB0 /* NestedViewController.swift */,
				D18542FE2671DDB900927EB0 /* NestedSubViewController.swift */,
				D18543002671DDD300927EB0 /* NestedListViewController.swift */,
			);
			path = nested;
			sourceTree = "<group>";
		};
		D1E5BFD6252334B2001C2A31 /* protocols */ = {
			isa = PBXGroup;
			children = (
				D1FAF87226034A440008D092 /* DSKeyboardProtocol.swift */,
				D1FAF86726034A440008D092 /* DSNibLoadable.swift */,
				D1FAF86E26034A440008D092 /* DSNibLoadable+UIView.swift */,
				D1FAF86926034A440008D092 /* DSNibReusable.swift */,
				D1FAF87126034A440008D092 /* DSNibReusable+UICollectionView.swift */,
				D1FAF86B26034A440008D092 /* DSNibReusable+UITableView.swift */,
				D1FAF86F26034A440008D092 /* DSPopupProtocol.swift */,
				D1FAF87026034A440008D092 /* DSReusable.swift */,
				D1FAF86826034A440008D092 /* DSRouterParamsProtocol.swift */,
				D1FAF86C26034A440008D092 /* EnumCodable.swift */,
				D1FAF86D26034A440008D092 /* Refreshable.swift */,
				D1FAF86A26034A440008D092 /* UIView+dialogable.swift */,
			);
			path = protocols;
			sourceTree = "<group>";
		};
		D1FAF87F26034AC10008D092 /* mvvm */ = {
			isa = PBXGroup;
			children = (
				D1FAF88026034AC10008D092 /* tableView */,
				D1FAF88426034AC10008D092 /* collectionView */,
			);
			path = mvvm;
			sourceTree = "<group>";
		};
		D1FAF88026034AC10008D092 /* tableView */ = {
			isa = PBXGroup;
			children = (
				D1FAF88126034AC10008D092 /* DSVMTableViewRow.swift */,
				D1FAF88226034AC10008D092 /* DSVMTableView.swift */,
				D1FAF88326034AC10008D092 /* DSVMTableViewRowProtocol.swift */,
			);
			path = tableView;
			sourceTree = "<group>";
		};
		D1FAF88426034AC10008D092 /* collectionView */ = {
			isa = PBXGroup;
			children = (
				D1FAF88526034AC10008D092 /* DSVMCollectionView.swift */,
				D1FAF88626034AC10008D092 /* DSVMCollectionViewRow.swift */,
				D1FAF88726034AC10008D092 /* DSVMCollectionViewRowProtocol.swift */,
			);
			path = collectionView;
			sourceTree = "<group>";
		};
		E8744DB42444B8A50079BC59 /* base */ = {
			isa = PBXGroup;
			children = (
				E8744DEE2444B95F0079BC59 /* BaseDelegate.swift */,
				E8744DF62444BBC40079BC59 /* BaseNavigationBar.swift */,
				D1632B14265B99180025A2A3 /* BaseNavigationBar.xib */,
				E8744DF02444BB250079BC59 /* BaseNavigationController.swift */,
				E8744DF22444BB4E0079BC59 /* BaseTabBarController.swift */,
				E8744DF42444BB8D0079BC59 /* BaseViewController.swift */,
			);
			path = base;
			sourceTree = "<group>";
		};
		E8744DB52444B8A50079BC59 /* mvc */ = {
			isa = PBXGroup;
			children = (
				D18542EE2671BB7700927EB0 /* nested */,
				D1632B1F265BA6E00025A2A3 /* tms */,
				E8744E002444BFE80079BC59 /* home */,
				E8744DB62444B8A50079BC59 /* hs */,
				E8744DC22444B8A50079BC59 /* VMCell */,
			);
			path = mvc;
			sourceTree = "<group>";
		};
		E8744DB62444B8A50079BC59 /* hs */ = {
			isa = PBXGroup;
			children = (
				E8744DB72444B8A50079BC59 /* HSShowViewController.swift */,
				E8744DB82444B8A50079BC59 /* HSDefine.swift */,
				E8744DB92444B8A50079BC59 /* HSObject.swift */,
				E8744DBA2444B8A50079BC59 /* HSStruct.swift */,
				E8744DBB2444B8A50079BC59 /* HSCollectionViewCell.swift */,
				E8744DBC2444B8A50079BC59 /* HSEnum.swift */,
				E8744DBD2444B8A50079BC59 /* HSCollectionViewFlowLayout.swift */,
				E8744DBE2444B8A50079BC59 /* view */,
				E8744DC12444B8A50079BC59 /* HSUITestViewController.swift */,
			);
			path = hs;
			sourceTree = "<group>";
		};
		E8744DBE2444B8A50079BC59 /* view */ = {
			isa = PBXGroup;
			children = (
				E8744DBF2444B8A50079BC59 /* HSDottedView.swift */,
				E8744DC02444B8A50079BC59 /* HSProgressView.swift */,
			);
			path = view;
			sourceTree = "<group>";
		};
		E8744DC22444B8A50079BC59 /* VMCell */ = {
			isa = PBXGroup;
			children = (
				E8744DC32444B8A50079BC59 /* VMUnit.swift */,
				E8744DC42444B8A50079BC59 /* MenuPageViewController.swift */,
				E8744DC52444B8A50079BC59 /* VMCellFirst.swift */,
				E8744DC62444B8A50079BC59 /* VMMirrorCell.swift */,
				E8744DC72444B8A50079BC59 /* MenuPageView.swift */,
				E8744DC82444B8A50079BC59 /* VMCellSecond.swift */,
			);
			path = VMCell;
			sourceTree = "<group>";
		};
		E8744DC92444B8A50079BC59 /* utility */ = {
			isa = PBXGroup;
			children = (
				E8744DCA2444B8A50079BC59 /* UnitDefine.swift */,
				E8744DCB2444B8A50079BC59 /* UnitIphoneX.swift */,
			);
			path = utility;
			sourceTree = "<group>";
		};
		E8744DCC2444B8A50079BC59 /* api */ = {
			isa = PBXGroup;
			children = (
				E8744DCD2444B8A50079BC59 /* ERJson.swift */,
				E8744DCE2444B8A50079BC59 /* ERNetwork.swift */,
			);
			path = api;
			sourceTree = "<group>";
		};
		E8744DCF2444B8A50079BC59 /* assets */ = {
			isa = PBXGroup;
			children = (
				E8744DD02444B8A50079BC59 /* Assets.xcassets */,
				E8744DD12444B8A50079BC59 /* resources.bundle */,
			);
			path = assets;
			sourceTree = "<group>";
		};
		E8744DD22444B8A50079BC59 /* model */ = {
			isa = PBXGroup;
			children = (
			);
			path = model;
			sourceTree = "<group>";
		};
		E8744DD32444B8A50079BC59 /* main */ = {
			isa = PBXGroup;
			children = (
				E8744DF92444BCEF0079BC59 /* AppDelegate.swift */,
				E8744DD42444B8A50079BC59 /* LaunchScreen.storyboard */,
				E8744DD52444B8A50079BC59 /* Main.storyboard */,
				E8744DFE2444BDBD0079BC59 /* MainNavigationController.swift */,
				E8744DFC2444BD5A0079BC59 /* MainTabBarController.swift */,
				E8744DF82444BCEF0079BC59 /* ViewController.swift */,
			);
			path = main;
			sourceTree = "<group>";
		};
		E8744E002444BFE80079BC59 /* home */ = {
			isa = PBXGroup;
			children = (
				D1632B25265BA8520025A2A3 /* HomeTableView.swift */,
				D1632B24265BA8520025A2A3 /* HomeTableViewListCell.swift */,
				D1632B26265BA8520025A2A3 /* HomeTableViewListCell.xib */,
				D1632B27265BA8520025A2A3 /* HomeViewController.swift */,
			);
			path = home;
			sourceTree = "<group>";
		};
		EF1EE9FE99F09D1D8E0C4112 /* Pods */ = {
			isa = PBXGroup;
			children = (
				B66E2F43DFCE421080F40600 /* Pods-happySwift.debug.xcconfig */,
				9C0ADBC8CB8C412AA22D6ED5 /* Pods-happySwift.release.xcconfig */,
			);
			name = Pods;
			sourceTree = "<group>";
		};
/* End PBXGroup section */

/* Begin PBXNativeTarget section */
		D15EB87820E9F9A7009626DE /* happySwift */ = {
			isa = PBXNativeTarget;
			buildConfigurationList = D15EB88E20E9F9A8009626DE /* Build configuration list for PBXNativeTarget "happySwift" */;
			buildPhases = (
				8A06D9698A5233CBB726C692 /* [CP] Check Pods Manifest.lock */,
				D15EB87520E9F9A7009626DE /* Sources */,
				D15EB87620E9F9A7009626DE /* Frameworks */,
				D15EB87720E9F9A7009626DE /* Resources */,
				6A0CAB34F38783AA588B51FC /* [CP] Embed Pods Frameworks */,
				D199FA5C23B4961400A71CCF /* Embed Frameworks */,
			);
			buildRules = (
			);
			dependencies = (
			);
			name = happySwift;
			productName = happySwift;
			productReference = D15EB87920E9F9A7009626DE /* happySwift.app */;
			productType = "com.apple.product-type.application";
		};
/* End PBXNativeTarget section */

/* Begin PBXProject section */
		D15EB87120E9F9A7009626DE /* Project object */ = {
			isa = PBXProject;
			attributes = {
				LastSwiftUpdateCheck = 0930;
				LastUpgradeCheck = 0930;
				ORGANIZATIONNAME = slardar;
				TargetAttributes = {
					D15EB87820E9F9A7009626DE = {
						CreatedOnToolsVersion = 9.3.1;
					};
				};
			};
			buildConfigurationList = D15EB87420E9F9A7009626DE /* Build configuration list for PBXProject "happySwift" */;
			compatibilityVersion = "Xcode 9.3";
			developmentRegion = en;
			hasScannedForEncodings = 0;
			knownRegions = (
				en,
				Base,
			);
			mainGroup = D15EB87020E9F9A7009626DE;
			productRefGroup = D15EB87A20E9F9A7009626DE /* Products */;
			projectDirPath = "";
			projectRoot = "";
			targets = (
				D15EB87820E9F9A7009626DE /* happySwift */,
			);
		};
/* End PBXProject section */

/* Begin PBXResourcesBuildPhase section */
		D15EB87720E9F9A7009626DE /* Resources */ = {
			isa = PBXResourcesBuildPhase;
			buildActionMask = 2147483647;
			files = (
				D1632B2A265BA8520025A2A3 /* HomeTableViewListCell.xib in Resources */,
				E8744DEC2444B8A50079BC59 /* LaunchScreen.storyboard in Resources */,
				D1632B31265BAA1A0025A2A3 /* TMSTableViewMenuCell.xib in Resources */,
				E8744DEA2444B8A50079BC59 /* Assets.xcassets in Resources */,
				D1632B15265B99180025A2A3 /* BaseNavigationBar.xib in Resources */,
				E8744DEB2444B8A50079BC59 /* resources.bundle in Resources */,
				E8744DED2444B8A50079BC59 /* Main.storyboard in Resources */,
			);
			runOnlyForDeploymentPostprocessing = 0;
		};
/* End PBXResourcesBuildPhase section */

/* Begin PBXShellScriptBuildPhase section */
		6A0CAB34F38783AA588B51FC /* [CP] Embed Pods Frameworks */ = {
			isa = PBXShellScriptBuildPhase;
			buildActionMask = 2147483647;
			files = (
			);
			inputFileListPaths = (
				"${PODS_ROOT}/Target Support Files/Pods-happySwift/Pods-happySwift-frameworks-${CONFIGURATION}-input-files.xcfilelist",
			);
			name = "[CP] Embed Pods Frameworks";
			outputFileListPaths = (
				"${PODS_ROOT}/Target Support Files/Pods-happySwift/Pods-happySwift-frameworks-${CONFIGURATION}-output-files.xcfilelist",
			);
			runOnlyForDeploymentPostprocessing = 0;
			shellPath = /bin/sh;
			shellScript = "\"${PODS_ROOT}/Target Support Files/Pods-happySwift/Pods-happySwift-frameworks.sh\"\n";
			showEnvVarsInLog = 0;
		};
		8A06D9698A5233CBB726C692 /* [CP] Check Pods Manifest.lock */ = {
			isa = PBXShellScriptBuildPhase;
			buildActionMask = 2147483647;
			files = (
			);
			inputPaths = (
				"${PODS_PODFILE_DIR_PATH}/Podfile.lock",
				"${PODS_ROOT}/Manifest.lock",
			);
			name = "[CP] Check Pods Manifest.lock";
			outputPaths = (
				"$(DERIVED_FILE_DIR)/Pods-happySwift-checkManifestLockResult.txt",
			);
			runOnlyForDeploymentPostprocessing = 0;
			shellPath = /bin/sh;
			shellScript = "diff \"${PODS_PODFILE_DIR_PATH}/Podfile.lock\" \"${PODS_ROOT}/Manifest.lock\" > /dev/null\nif [ $? != 0 ] ; then\n    # print error to STDERR\n    echo \"error: The sandbox is not in sync with the Podfile.lock. Run 'pod install' or update your CocoaPods installation.\" >&2\n    exit 1\nfi\n# This output is used by Xcode 'outputs' to avoid re-running this script phase.\necho \"SUCCESS\" > \"${SCRIPT_OUTPUT_FILE_0}\"\n";
			showEnvVarsInLog = 0;
		};
/* End PBXShellScriptBuildPhase section */

/* Begin PBXSourcesBuildPhase section */
		D15EB87520E9F9A7009626DE /* Sources */ = {
			isa = PBXSourcesBuildPhase;
			buildActionMask = 2147483647;
			files = (
				D1FAF87E26034A440008D092 /* DSKeyboardProtocol.swift in Sources */,
				D1632ABA265B96400025A2A3 /* extensionUILabel.swift in Sources */,
				D1632B21265BA7230025A2A3 /* TMSTableViewRow.swift in Sources */,
				E8744DFF2444BDBD0079BC59 /* MainNavigationController.swift in Sources */,
				D1BFC5CE26735715002B8B72 /* DSPagingMainCollectionView.swift in Sources */,
				D1FAF87526034A440008D092 /* DSNibReusable.swift in Sources */,
				E8744DFD2444BD5A0079BC59 /* MainTabBarController.swift in Sources */,
				D18542FF2671DDB900927EB0 /* NestedSubViewController.swift in Sources */,
				D1632AB8265B96400025A2A3 /* extensionNSAttributedString.swift in Sources */,
				D1FAF88C26034AC10008D092 /* DSVMCollectionViewRow.swift in Sources */,
				E8744DD62444B8A50079BC59 /* HSShowViewController.swift in Sources */,
				D1632AB7265B96400025A2A3 /* extensionString.swift in Sources */,
				D1632ABB265B96400025A2A3 /* extensionArray.swift in Sources */,
				D1FAF87726034A440008D092 /* DSNibReusable+UITableView.swift in Sources */,
				E8744DE52444B8A50079BC59 /* VMCellSecond.swift in Sources */,
				E8744DE32444B8A50079BC59 /* VMMirrorCell.swift in Sources */,
				E8744DE12444B8A50079BC59 /* MenuPageViewController.swift in Sources */,
				D1FAF87B26034A440008D092 /* DSPopupProtocol.swift in Sources */,
				E8744DFB2444BCEF0079BC59 /* AppDelegate.swift in Sources */,
				E8744DF52444BB8D0079BC59 /* BaseViewController.swift in Sources */,
				D1FAF87D26034A440008D092 /* DSNibReusable+UICollectionView.swift in Sources */,
				D1FAF88A26034AC10008D092 /* DSVMTableViewRowProtocol.swift in Sources */,
				D1FAF87C26034A440008D092 /* DSReusable.swift in Sources */,
				E8744DF72444BBC40079BC59 /* BaseNavigationBar.swift in Sources */,
				D1FAF87A26034A440008D092 /* DSNibLoadable+UIView.swift in Sources */,
				E8744DD72444B8A50079BC59 /* HSDefine.swift in Sources */,
				D1632B2D265BA9640025A2A3 /* TMSTableView.swift in Sources */,
				D1632B33265BAB140025A2A3 /* TMSTableViewMenu.swift in Sources */,
				D1FAF87926034A440008D092 /* Refreshable.swift in Sources */,
				E8744DDB2444B8A50079BC59 /* HSEnum.swift in Sources */,
				D18542F02671BB8A00927EB0 /* NestedViewController.swift in Sources */,
				E8744DE42444B8A50079BC59 /* MenuPageView.swift in Sources */,
				D15EB88520E9F9A7009626DE /* happySwift.xcdatamodeld in Sources */,
				D1632B30265BAA1A0025A2A3 /* TMSTableViewMenuCell.swift in Sources */,
				E8744DD92444B8A50079BC59 /* HSStruct.swift in Sources */,
				E8744DF32444BB4E0079BC59 /* BaseTabBarController.swift in Sources */,
				E8744DE22444B8A50079BC59 /* VMCellFirst.swift in Sources */,
				E8744DDF2444B8A50079BC59 /* HSUITestViewController.swift in Sources */,
				D1FAF88D26034AC10008D092 /* DSVMCollectionViewRowProtocol.swift in Sources */,
				D1FAF87826034A440008D092 /* EnumCodable.swift in Sources */,
				E8744DDE2444B8A50079BC59 /* HSProgressView.swift in Sources */,
				E8744DE82444B8A50079BC59 /* ERJson.swift in Sources */,
				E8744DD82444B8A50079BC59 /* HSObject.swift in Sources */,
				D18543012671DDD300927EB0 /* NestedListViewController.swift in Sources */,
				D1632AB6265B96400025A2A3 /* extensionUIImage.swift in Sources */,
				D1FAF87626034A440008D092 /* UIView+dialogable.swift in Sources */,
				D1FAF88926034AC10008D092 /* DSVMTableView.swift in Sources */,
				D1632AB3265B96400025A2A3 /* extensionUIView.swift in Sources */,
				D1632AB2265B96400025A2A3 /* extensionUIDevice.swift in Sources */,
				E8744DDD2444B8A50079BC59 /* HSDottedView.swift in Sources */,
				E8744DDC2444B8A50079BC59 /* HSCollectionViewFlowLayout.swift in Sources */,
				E8744DE02444B8A50079BC59 /* VMUnit.swift in Sources */,
				D1632B28265BA8520025A2A3 /* HomeTableViewListCell.swift in Sources */,
				D1FAF87326034A440008D092 /* DSNibLoadable.swift in Sources */,
				E8744DEF2444B95F0079BC59 /* BaseDelegate.swift in Sources */,
				D1FAF88B26034AC10008D092 /* DSVMCollectionView.swift in Sources */,
				D1632AB0265B96400025A2A3 /* extensionUIColor.swift in Sources */,
				D115E7672672199600933A9E /* DSPagingListContainerView.swift in Sources */,
				D18543092672009200927EB0 /* DSPagingView.swift in Sources */,
				D1632B2B265BA8520025A2A3 /* HomeViewController.swift in Sources */,
				D1FAF87426034A440008D092 /* DSRouterParamsProtocol.swift in Sources */,
				D1632B23265BA7530025A2A3 /* TMSViewController.swift in Sources */,
				E8744DFA2444BCEF0079BC59 /* ViewController.swift in Sources */,
				D1632AB9265B96400025A2A3 /* extensionUIAlertController.swift in Sources */,
				E8744DE72444B8A50079BC59 /* UnitIphoneX.swift in Sources */,
				E8744DE62444B8A50079BC59 /* UnitDefine.swift in Sources */,
				D1FAF88826034AC10008D092 /* DSVMTableViewRow.swift in Sources */,
				D1632AB4265B96400025A2A3 /* extensionPHAsset.swift in Sources */,
				D1632B29265BA8520025A2A3 /* HomeTableView.swift in Sources */,
				E8744DDA2444B8A50079BC59 /* HSCollectionViewCell.swift in Sources */,
				E8744DF12444BB250079BC59 /* BaseNavigationController.swift in Sources */,
				E8744DE92444B8A50079BC59 /* ERNetwork.swift in Sources */,
				D1632AB1265B96400025A2A3 /* ExtensionUINib.swift in Sources */,
				D1632AB5265B96400025A2A3 /* extensionNSObject.swift in Sources */,
			);
			runOnlyForDeploymentPostprocessing = 0;
		};
/* End PBXSourcesBuildPhase section */

/* Begin XCBuildConfiguration section */
		D15EB88C20E9F9A8009626DE /* Debug */ = {
			isa = XCBuildConfiguration;
			buildSettings = {
				ALWAYS_SEARCH_USER_PATHS = NO;
				CLANG_ANALYZER_NONNULL = YES;
				CLANG_ANALYZER_NUMBER_OBJECT_CONVERSION = YES_AGGRESSIVE;
				CLANG_CXX_LANGUAGE_STANDARD = "gnu++14";
				CLANG_CXX_LIBRARY = "libc++";
				CLANG_ENABLE_MODULES = YES;
				CLANG_ENABLE_OBJC_ARC = YES;
				CLANG_ENABLE_OBJC_WEAK = YES;
				CLANG_WARN_BLOCK_CAPTURE_AUTORELEASING = YES;
				CLANG_WARN_BOOL_CONVERSION = YES;
				CLANG_WARN_COMMA = YES;
				CLANG_WARN_CONSTANT_CONVERSION = YES;
				CLANG_WARN_DEPRECATED_OBJC_IMPLEMENTATIONS = YES;
				CLANG_WARN_DIRECT_OBJC_ISA_USAGE = YES_ERROR;
				CLANG_WARN_DOCUMENTATION_COMMENTS = YES;
				CLANG_WARN_EMPTY_BODY = YES;
				CLANG_WARN_ENUM_CONVERSION = YES;
				CLANG_WARN_INFINITE_RECURSION = YES;
				CLANG_WARN_INT_CONVERSION = YES;
				CLANG_WARN_NON_LITERAL_NULL_CONVERSION = YES;
				CLANG_WARN_OBJC_IMPLICIT_RETAIN_SELF = YES;
				CLANG_WARN_OBJC_LITERAL_CONVERSION = YES;
				CLANG_WARN_OBJC_ROOT_CLASS = YES_ERROR;
				CLANG_WARN_RANGE_LOOP_ANALYSIS = YES;
				CLANG_WARN_STRICT_PROTOTYPES = YES;
				CLANG_WARN_SUSPICIOUS_MOVE = YES;
				CLANG_WARN_UNGUARDED_AVAILABILITY = YES_AGGRESSIVE;
				CLANG_WARN_UNREACHABLE_CODE = YES;
				CLANG_WARN__DUPLICATE_METHOD_MATCH = YES;
				CODE_SIGN_IDENTITY = "iPhone Developer";
				COPY_PHASE_STRIP = NO;
				DEBUG_INFORMATION_FORMAT = dwarf;
				ENABLE_STRICT_OBJC_MSGSEND = YES;
				ENABLE_TESTABILITY = YES;
				GCC_C_LANGUAGE_STANDARD = gnu11;
				GCC_DYNAMIC_NO_PIC = NO;
				GCC_NO_COMMON_BLOCKS = YES;
				GCC_OPTIMIZATION_LEVEL = 0;
				GCC_PREPROCESSOR_DEFINITIONS = (
					"DEBUG=1",
					"$(inherited)",
				);
				GCC_WARN_64_TO_32_BIT_CONVERSION = YES;
				GCC_WARN_ABOUT_RETURN_TYPE = YES_ERROR;
				GCC_WARN_UNDECLARED_SELECTOR = YES;
				GCC_WARN_UNINITIALIZED_AUTOS = YES_AGGRESSIVE;
				GCC_WARN_UNUSED_FUNCTION = YES;
				GCC_WARN_UNUSED_VARIABLE = YES;
				IPHONEOS_DEPLOYMENT_TARGET = 11.3;
				MTL_ENABLE_DEBUG_INFO = YES;
				ONLY_ACTIVE_ARCH = YES;
				SDKROOT = iphoneos;
				SWIFT_ACTIVE_COMPILATION_CONDITIONS = DEBUG;
				SWIFT_OPTIMIZATION_LEVEL = "-Onone";
			};
			name = Debug;
		};
		D15EB88D20E9F9A8009626DE /* Release */ = {
			isa = XCBuildConfiguration;
			buildSettings = {
				ALWAYS_SEARCH_USER_PATHS = NO;
				CLANG_ANALYZER_NONNULL = YES;
				CLANG_ANALYZER_NUMBER_OBJECT_CONVERSION = YES_AGGRESSIVE;
				CLANG_CXX_LANGUAGE_STANDARD = "gnu++14";
				CLANG_CXX_LIBRARY = "libc++";
				CLANG_ENABLE_MODULES = YES;
				CLANG_ENABLE_OBJC_ARC = YES;
				CLANG_ENABLE_OBJC_WEAK = YES;
				CLANG_WARN_BLOCK_CAPTURE_AUTORELEASING = YES;
				CLANG_WARN_BOOL_CONVERSION = YES;
				CLANG_WARN_COMMA = YES;
				CLANG_WARN_CONSTANT_CONVERSION = YES;
				CLANG_WARN_DEPRECATED_OBJC_IMPLEMENTATIONS = YES;
				CLANG_WARN_DIRECT_OBJC_ISA_USAGE = YES_ERROR;
				CLANG_WARN_DOCUMENTATION_COMMENTS = YES;
				CLANG_WARN_EMPTY_BODY = YES;
				CLANG_WARN_ENUM_CONVERSION = YES;
				CLANG_WARN_INFINITE_RECURSION = YES;
				CLANG_WARN_INT_CONVERSION = YES;
				CLANG_WARN_NON_LITERAL_NULL_CONVERSION = YES;
				CLANG_WARN_OBJC_IMPLICIT_RETAIN_SELF = YES;
				CLANG_WARN_OBJC_LITERAL_CONVERSION = YES;
				CLANG_WARN_OBJC_ROOT_CLASS = YES_ERROR;
				CLANG_WARN_RANGE_LOOP_ANALYSIS = YES;
				CLANG_WARN_STRICT_PROTOTYPES = YES;
				CLANG_WARN_SUSPICIOUS_MOVE = YES;
				CLANG_WARN_UNGUARDED_AVAILABILITY = YES_AGGRESSIVE;
				CLANG_WARN_UNREACHABLE_CODE = YES;
				CLANG_WARN__DUPLICATE_METHOD_MATCH = YES;
				CODE_SIGN_IDENTITY = "iPhone Developer";
				COPY_PHASE_STRIP = NO;
				DEBUG_INFORMATION_FORMAT = "dwarf-with-dsym";
				ENABLE_NS_ASSERTIONS = NO;
				ENABLE_STRICT_OBJC_MSGSEND = YES;
				GCC_C_LANGUAGE_STANDARD = gnu11;
				GCC_NO_COMMON_BLOCKS = YES;
				GCC_WARN_64_TO_32_BIT_CONVERSION = YES;
				GCC_WARN_ABOUT_RETURN_TYPE = YES_ERROR;
				GCC_WARN_UNDECLARED_SELECTOR = YES;
				GCC_WARN_UNINITIALIZED_AUTOS = YES_AGGRESSIVE;
				GCC_WARN_UNUSED_FUNCTION = YES;
				GCC_WARN_UNUSED_VARIABLE = YES;
				IPHONEOS_DEPLOYMENT_TARGET = 11.3;
				MTL_ENABLE_DEBUG_INFO = NO;
				SDKROOT = iphoneos;
				SWIFT_COMPILATION_MODE = wholemodule;
				SWIFT_OPTIMIZATION_LEVEL = "-O";
				VALIDATE_PRODUCT = YES;
			};
			name = Release;
		};
		D15EB88F20E9F9A8009626DE /* Debug */ = {
			isa = XCBuildConfiguration;
			baseConfigurationReference = B66E2F43DFCE421080F40600 /* Pods-happySwift.debug.xcconfig */;
			buildSettings = {
				ASSETCATALOG_COMPILER_APPICON_NAME = AppIcon;
				CODE_SIGN_STYLE = Automatic;
				DEVELOPMENT_TEAM = 63Z2N9XWL5;
				ENABLE_BITCODE = NO;
				INFOPLIST_FILE = happySwift/Info.plist;
				IPHONEOS_DEPLOYMENT_TARGET = 10.2;
				LD_RUNPATH_SEARCH_PATHS = (
					"$(inherited)",
					"@executable_path/Frameworks",
				);
				PRODUCT_BUNDLE_IDENTIFIER = com.ds.ganzi.daofu;
				PRODUCT_NAME = "$(TARGET_NAME)";
				SWIFT_VERSION = 5.0;
				TARGETED_DEVICE_FAMILY = 1;
			};
			name = Debug;
		};
		D15EB89020E9F9A8009626DE /* Release */ = {
			isa = XCBuildConfiguration;
			baseConfigurationReference = 9C0ADBC8CB8C412AA22D6ED5 /* Pods-happySwift.release.xcconfig */;
			buildSettings = {
				ASSETCATALOG_COMPILER_APPICON_NAME = AppIcon;
				CODE_SIGN_STYLE = Automatic;
				DEVELOPMENT_TEAM = 63Z2N9XWL5;
				ENABLE_BITCODE = NO;
				INFOPLIST_FILE = happySwift/Info.plist;
				IPHONEOS_DEPLOYMENT_TARGET = 10.2;
				LD_RUNPATH_SEARCH_PATHS = (
					"$(inherited)",
					"@executable_path/Frameworks",
				);
				PRODUCT_BUNDLE_IDENTIFIER = com.ds.ganzi.daofu;
				PRODUCT_NAME = "$(TARGET_NAME)";
				SWIFT_VERSION = 5.0;
				TARGETED_DEVICE_FAMILY = 1;
			};
			name = Release;
		};
/* End XCBuildConfiguration section */

/* Begin XCConfigurationList section */
		D15EB87420E9F9A7009626DE /* Build configuration list for PBXProject "happySwift" */ = {
			isa = XCConfigurationList;
			buildConfigurations = (
				D15EB88C20E9F9A8009626DE /* Debug */,
				D15EB88D20E9F9A8009626DE /* Release */,
			);
			defaultConfigurationIsVisible = 0;
			defaultConfigurationName = Release;
		};
		D15EB88E20E9F9A8009626DE /* Build configuration list for PBXNativeTarget "happySwift" */ = {
			isa = XCConfigurationList;
			buildConfigurations = (
				D15EB88F20E9F9A8009626DE /* Debug */,
				D15EB89020E9F9A8009626DE /* Release */,
			);
			defaultConfigurationIsVisible = 0;
			defaultConfigurationName = Release;
		};
/* End XCConfigurationList section */

/* Begin XCVersionGroup section */
		D15EB88320E9F9A7009626DE /* happySwift.xcdatamodeld */ = {
			isa = XCVersionGroup;
			children = (
				D15EB88420E9F9A7009626DE /* happySwift.xcdatamodel */,
			);
			currentVersion = D15EB88420E9F9A7009626DE /* happySwift.xcdatamodel */;
			path = happySwift.xcdatamodeld;
			sourceTree = "<group>";
			versionGroupType = wrapper.xcdatamodel;
		};
/* End XCVersionGroup section */
	};
	rootObject = D15EB87120E9F9A7009626DE /* Project object */;
}
