// !$*UTF8*$!
{
	archiveVersion = 1;
	classes = {
	};
	objectVersion = 50;
	objects = {

/* Begin PBXBuildFile section */
		0D1763FBC7E281DF173E38DE /* Pods_happySwift.framework in Frameworks */ = {isa = PBXBuildFile; fileRef = 2E394ECEDE8672B6A0F27DA9 /* Pods_happySwift.framework */; };
		D15EB87D20E9F9A7009626DE /* AppDelegate.swift in Sources */ = {isa = PBXBuildFile; fileRef = D15EB87C20E9F9A7009626DE /* AppDelegate.swift */; };
		D15EB87F20E9F9A7009626DE /* ViewController.swift in Sources */ = {isa = PBXBuildFile; fileRef = D15EB87E20E9F9A7009626DE /* ViewController.swift */; };
		D15EB88220E9F9A7009626DE /* Main.storyboard in Resources */ = {isa = PBXBuildFile; fileRef = D15EB88020E9F9A7009626DE /* Main.storyboard */; };
		D15EB88520E9F9A7009626DE /* happySwift.xcdatamodeld in Sources */ = {isa = PBXBuildFile; fileRef = D15EB88320E9F9A7009626DE /* happySwift.xcdatamodeld */; };
		D15EB88720E9F9A8009626DE /* Assets.xcassets in Resources */ = {isa = PBXBuildFile; fileRef = D15EB88620E9F9A8009626DE /* Assets.xcassets */; };
		D15EB88A20E9F9A8009626DE /* LaunchScreen.storyboard in Resources */ = {isa = PBXBuildFile; fileRef = D15EB88820E9F9A8009626DE /* LaunchScreen.storyboard */; };
		D15EB89420EA0AB3009626DE /* resources.bundle in Resources */ = {isa = PBXBuildFile; fileRef = D15EB89320EA0AB3009626DE /* resources.bundle */; };
		D1692680214F4BC5006E7498 /* extensionNSObject.swift in Sources */ = {isa = PBXBuildFile; fileRef = D169267F214F4BC5006E7498 /* extensionNSObject.swift */; };
		D1692682214F5AE6006E7498 /* extensionString.swift in Sources */ = {isa = PBXBuildFile; fileRef = D1692681214F5AE6006E7498 /* extensionString.swift */; };
		D1692684214F5ECC006E7498 /* extensionNSAttributedString.swift in Sources */ = {isa = PBXBuildFile; fileRef = D1692683214F5ECC006E7498 /* extensionNSAttributedString.swift */; };
		D1692686214F7B06006E7498 /* extensionPHAsset.swift in Sources */ = {isa = PBXBuildFile; fileRef = D1692685214F7B06006E7498 /* extensionPHAsset.swift */; };
		D169268A214F7B3E006E7498 /* extensionUIAlertController.swift in Sources */ = {isa = PBXBuildFile; fileRef = D1692689214F7B3E006E7498 /* extensionUIAlertController.swift */; };
		D169268C214F7BCB006E7498 /* extensionUIImage.swift in Sources */ = {isa = PBXBuildFile; fileRef = D169268B214F7BCB006E7498 /* extensionUIImage.swift */; };
		D1692691214F85AF006E7498 /* extensionUIColor.swift in Sources */ = {isa = PBXBuildFile; fileRef = D1692690214F85AF006E7498 /* extensionUIColor.swift */; };
		D1692695214FAC5F006E7498 /* HSDottedView.swift in Sources */ = {isa = PBXBuildFile; fileRef = D1692693214FAC5F006E7498 /* HSDottedView.swift */; };
		D1692696214FAC5F006E7498 /* HSProgressView.swift in Sources */ = {isa = PBXBuildFile; fileRef = D1692694214FAC5F006E7498 /* HSProgressView.swift */; };
		D171369C214B98A1003BC94D /* extensionUIView.swift in Sources */ = {isa = PBXBuildFile; fileRef = D171369B214B98A1003BC94D /* extensionUIView.swift */; };
		D171369E214B98BE003BC94D /* extensionUILabel.swift in Sources */ = {isa = PBXBuildFile; fileRef = D171369D214B98BE003BC94D /* extensionUILabel.swift */; };
		D17136AB214B9BCD003BC94D /* HSCollectionViewFlowLayout.swift in Sources */ = {isa = PBXBuildFile; fileRef = D17136A5214B9BCD003BC94D /* HSCollectionViewFlowLayout.swift */; };
		D17136AC214B9BCD003BC94D /* HSShowViewController.swift in Sources */ = {isa = PBXBuildFile; fileRef = D17136A6214B9BCD003BC94D /* HSShowViewController.swift */; };
		D17136AE214B9BCD003BC94D /* HSCollectionViewCell.swift in Sources */ = {isa = PBXBuildFile; fileRef = D17136A8214B9BCD003BC94D /* HSCollectionViewCell.swift */; };
		D17136AF214B9BCD003BC94D /* HSUITestViewController.swift in Sources */ = {isa = PBXBuildFile; fileRef = D17136A9214B9BCD003BC94D /* HSUITestViewController.swift */; };
		D17136B1214B9C38003BC94D /* HSObject.swift in Sources */ = {isa = PBXBuildFile; fileRef = D17136B0214B9C38003BC94D /* HSObject.swift */; };
		D17136B3214B9C7B003BC94D /* HSEnum.swift in Sources */ = {isa = PBXBuildFile; fileRef = D17136B2214B9C7B003BC94D /* HSEnum.swift */; };
		D17136B5214B9CB5003BC94D /* HSStruct.swift in Sources */ = {isa = PBXBuildFile; fileRef = D17136B4214B9CB5003BC94D /* HSStruct.swift */; };
		D17136B7214BA197003BC94D /* HSDefine.swift in Sources */ = {isa = PBXBuildFile; fileRef = D17136B6214BA197003BC94D /* HSDefine.swift */; };
		D1E788F52150E8860059CEF0 /* extensionArray.swift in Sources */ = {isa = PBXBuildFile; fileRef = D1E788F42150E8860059CEF0 /* extensionArray.swift */; };
/* End PBXBuildFile section */

/* Begin PBXFileReference section */
		2E394ECEDE8672B6A0F27DA9 /* Pods_happySwift.framework */ = {isa = PBXFileReference; explicitFileType = wrapper.framework; includeInIndex = 0; path = Pods_happySwift.framework; sourceTree = BUILT_PRODUCTS_DIR; };
		9C0ADBC8CB8C412AA22D6ED5 /* Pods-happySwift.release.xcconfig */ = {isa = PBXFileReference; includeInIndex = 1; lastKnownFileType = text.xcconfig; name = "Pods-happySwift.release.xcconfig"; path = "Pods/Target Support Files/Pods-happySwift/Pods-happySwift.release.xcconfig"; sourceTree = "<group>"; };
		B66E2F43DFCE421080F40600 /* Pods-happySwift.debug.xcconfig */ = {isa = PBXFileReference; includeInIndex = 1; lastKnownFileType = text.xcconfig; name = "Pods-happySwift.debug.xcconfig"; path = "Pods/Target Support Files/Pods-happySwift/Pods-happySwift.debug.xcconfig"; sourceTree = "<group>"; };
		D15EB87920E9F9A7009626DE /* happySwift.app */ = {isa = PBXFileReference; explicitFileType = wrapper.application; includeInIndex = 0; path = happySwift.app; sourceTree = BUILT_PRODUCTS_DIR; };
		D15EB87C20E9F9A7009626DE /* AppDelegate.swift */ = {isa = PBXFileReference; lastKnownFileType = sourcecode.swift; path = AppDelegate.swift; sourceTree = "<group>"; };
		D15EB87E20E9F9A7009626DE /* ViewController.swift */ = {isa = PBXFileReference; lastKnownFileType = sourcecode.swift; path = ViewController.swift; sourceTree = "<group>"; };
		D15EB88120E9F9A7009626DE /* Base */ = {isa = PBXFileReference; lastKnownFileType = file.storyboard; name = Base; path = Base.lproj/Main.storyboard; sourceTree = "<group>"; };
		D15EB88420E9F9A7009626DE /* happySwift.xcdatamodel */ = {isa = PBXFileReference; lastKnownFileType = wrapper.xcdatamodel; path = happySwift.xcdatamodel; sourceTree = "<group>"; };
		D15EB88620E9F9A8009626DE /* Assets.xcassets */ = {isa = PBXFileReference; lastKnownFileType = folder.assetcatalog; path = Assets.xcassets; sourceTree = "<group>"; };
		D15EB88920E9F9A8009626DE /* Base */ = {isa = PBXFileReference; lastKnownFileType = file.storyboard; name = Base; path = Base.lproj/LaunchScreen.storyboard; sourceTree = "<group>"; };
		D15EB88B20E9F9A8009626DE /* Info.plist */ = {isa = PBXFileReference; lastKnownFileType = text.plist.xml; path = Info.plist; sourceTree = "<group>"; };
		D15EB89320EA0AB3009626DE /* resources.bundle */ = {isa = PBXFileReference; lastKnownFileType = "wrapper.plug-in"; path = resources.bundle; sourceTree = "<group>"; };
		D169267F214F4BC5006E7498 /* extensionNSObject.swift */ = {isa = PBXFileReference; lastKnownFileType = sourcecode.swift; path = extensionNSObject.swift; sourceTree = "<group>"; };
		D1692681214F5AE6006E7498 /* extensionString.swift */ = {isa = PBXFileReference; lastKnownFileType = sourcecode.swift; path = extensionString.swift; sourceTree = "<group>"; };
		D1692683214F5ECC006E7498 /* extensionNSAttributedString.swift */ = {isa = PBXFileReference; lastKnownFileType = sourcecode.swift; path = extensionNSAttributedString.swift; sourceTree = "<group>"; };
		D1692685214F7B06006E7498 /* extensionPHAsset.swift */ = {isa = PBXFileReference; lastKnownFileType = sourcecode.swift; path = extensionPHAsset.swift; sourceTree = "<group>"; };
		D1692689214F7B3E006E7498 /* extensionUIAlertController.swift */ = {isa = PBXFileReference; lastKnownFileType = sourcecode.swift; path = extensionUIAlertController.swift; sourceTree = "<group>"; };
		D169268B214F7BCB006E7498 /* extensionUIImage.swift */ = {isa = PBXFileReference; lastKnownFileType = sourcecode.swift; path = extensionUIImage.swift; sourceTree = "<group>"; };
		D1692690214F85AF006E7498 /* extensionUIColor.swift */ = {isa = PBXFileReference; lastKnownFileType = sourcecode.swift; path = extensionUIColor.swift; sourceTree = "<group>"; };
		D1692693214FAC5F006E7498 /* HSDottedView.swift */ = {isa = PBXFileReference; fileEncoding = 4; lastKnownFileType = sourcecode.swift; path = HSDottedView.swift; sourceTree = "<group>"; };
		D1692694214FAC5F006E7498 /* HSProgressView.swift */ = {isa = PBXFileReference; fileEncoding = 4; lastKnownFileType = sourcecode.swift; path = HSProgressView.swift; sourceTree = "<group>"; };
		D171369B214B98A1003BC94D /* extensionUIView.swift */ = {isa = PBXFileReference; lastKnownFileType = sourcecode.swift; path = extensionUIView.swift; sourceTree = "<group>"; };
		D171369D214B98BE003BC94D /* extensionUILabel.swift */ = {isa = PBXFileReference; lastKnownFileType = sourcecode.swift; path = extensionUILabel.swift; sourceTree = "<group>"; };
		D17136A5214B9BCD003BC94D /* HSCollectionViewFlowLayout.swift */ = {isa = PBXFileReference; fileEncoding = 4; lastKnownFileType = sourcecode.swift; path = HSCollectionViewFlowLayout.swift; sourceTree = "<group>"; };
		D17136A6214B9BCD003BC94D /* HSShowViewController.swift */ = {isa = PBXFileReference; fileEncoding = 4; lastKnownFileType = sourcecode.swift; path = HSShowViewController.swift; sourceTree = "<group>"; };
		D17136A8214B9BCD003BC94D /* HSCollectionViewCell.swift */ = {isa = PBXFileReference; fileEncoding = 4; lastKnownFileType = sourcecode.swift; path = HSCollectionViewCell.swift; sourceTree = "<group>"; };
		D17136A9214B9BCD003BC94D /* HSUITestViewController.swift */ = {isa = PBXFileReference; fileEncoding = 4; lastKnownFileType = sourcecode.swift; path = HSUITestViewController.swift; sourceTree = "<group>"; };
		D17136B0214B9C38003BC94D /* HSObject.swift */ = {isa = PBXFileReference; lastKnownFileType = sourcecode.swift; path = HSObject.swift; sourceTree = "<group>"; };
		D17136B2214B9C7B003BC94D /* HSEnum.swift */ = {isa = PBXFileReference; lastKnownFileType = sourcecode.swift; path = HSEnum.swift; sourceTree = "<group>"; };
		D17136B4214B9CB5003BC94D /* HSStruct.swift */ = {isa = PBXFileReference; lastKnownFileType = sourcecode.swift; path = HSStruct.swift; sourceTree = "<group>"; };
		D17136B6214BA197003BC94D /* HSDefine.swift */ = {isa = PBXFileReference; lastKnownFileType = sourcecode.swift; path = HSDefine.swift; sourceTree = "<group>"; };
		D1E788F42150E8860059CEF0 /* extensionArray.swift */ = {isa = PBXFileReference; lastKnownFileType = sourcecode.swift; path = extensionArray.swift; sourceTree = "<group>"; };
/* End PBXFileReference section */

/* Begin PBXFrameworksBuildPhase section */
		D15EB87620E9F9A7009626DE /* Frameworks */ = {
			isa = PBXFrameworksBuildPhase;
			buildActionMask = 2147483647;
			files = (
				0D1763FBC7E281DF173E38DE /* Pods_happySwift.framework in Frameworks */,
			);
			runOnlyForDeploymentPostprocessing = 0;
		};
/* End PBXFrameworksBuildPhase section */

/* Begin PBXGroup section */
		3D69123730C1F7CF438B2D63 /* Frameworks */ = {
			isa = PBXGroup;
			children = (
				2E394ECEDE8672B6A0F27DA9 /* Pods_happySwift.framework */,
			);
			name = Frameworks;
			sourceTree = "<group>";
		};
		D15EB87020E9F9A7009626DE = {
			isa = PBXGroup;
			children = (
				D15EB87B20E9F9A7009626DE /* happySwift */,
				D15EB87A20E9F9A7009626DE /* Products */,
				EF1EE9FE99F09D1D8E0C4112 /* Pods */,
				3D69123730C1F7CF438B2D63 /* Frameworks */,
			);
			sourceTree = "<group>";
		};
		D15EB87A20E9F9A7009626DE /* Products */ = {
			isa = PBXGroup;
			children = (
				D15EB87920E9F9A7009626DE /* happySwift.app */,
			);
			name = Products;
			sourceTree = "<group>";
		};
		D15EB87B20E9F9A7009626DE /* happySwift */ = {
			isa = PBXGroup;
			children = (
				D17136A3214B9BA8003BC94D /* main */,
				D171369A214B987A003BC94D /* extension */,
				D15EB87C20E9F9A7009626DE /* AppDelegate.swift */,
				D15EB87E20E9F9A7009626DE /* ViewController.swift */,
				D15EB88020E9F9A7009626DE /* Main.storyboard */,
				D15EB88620E9F9A8009626DE /* Assets.xcassets */,
				D15EB88820E9F9A8009626DE /* LaunchScreen.storyboard */,
				D15EB88B20E9F9A8009626DE /* Info.plist */,
				D15EB88320E9F9A7009626DE /* happySwift.xcdatamodeld */,
				D15EB89320EA0AB3009626DE /* resources.bundle */,
			);
			path = happySwift;
			sourceTree = "<group>";
		};
		D1692692214FAC5F006E7498 /* view */ = {
			isa = PBXGroup;
			children = (
				D1692693214FAC5F006E7498 /* HSDottedView.swift */,
				D1692694214FAC5F006E7498 /* HSProgressView.swift */,
			);
			path = view;
			sourceTree = "<group>";
		};
		D171369A214B987A003BC94D /* extension */ = {
			isa = PBXGroup;
			children = (
				D171369B214B98A1003BC94D /* extensionUIView.swift */,
				D171369D214B98BE003BC94D /* extensionUILabel.swift */,
				D169267F214F4BC5006E7498 /* extensionNSObject.swift */,
				D1692681214F5AE6006E7498 /* extensionString.swift */,
				D1692683214F5ECC006E7498 /* extensionNSAttributedString.swift */,
				D1692685214F7B06006E7498 /* extensionPHAsset.swift */,
				D1692689214F7B3E006E7498 /* extensionUIAlertController.swift */,
				D169268B214F7BCB006E7498 /* extensionUIImage.swift */,
				D1692690214F85AF006E7498 /* extensionUIColor.swift */,
				D1E788F42150E8860059CEF0 /* extensionArray.swift */,
			);
			path = extension;
			sourceTree = "<group>";
		};
		D17136A3214B9BA8003BC94D /* main */ = {
			isa = PBXGroup;
			children = (
				D1692692214FAC5F006E7498 /* view */,
				D17136A8214B9BCD003BC94D /* HSCollectionViewCell.swift */,
				D17136A5214B9BCD003BC94D /* HSCollectionViewFlowLayout.swift */,
				D17136A6214B9BCD003BC94D /* HSShowViewController.swift */,
				D17136A9214B9BCD003BC94D /* HSUITestViewController.swift */,
				D17136B0214B9C38003BC94D /* HSObject.swift */,
				D17136B2214B9C7B003BC94D /* HSEnum.swift */,
				D17136B4214B9CB5003BC94D /* HSStruct.swift */,
				D17136B6214BA197003BC94D /* HSDefine.swift */,
			);
			path = main;
			sourceTree = "<group>";
		};
		EF1EE9FE99F09D1D8E0C4112 /* Pods */ = {
			isa = PBXGroup;
			children = (
				B66E2F43DFCE421080F40600 /* Pods-happySwift.debug.xcconfig */,
				9C0ADBC8CB8C412AA22D6ED5 /* Pods-happySwift.release.xcconfig */,
			);
			name = Pods;
			sourceTree = "<group>";
		};
/* End PBXGroup section */

/* Begin PBXNativeTarget section */
		D15EB87820E9F9A7009626DE /* happySwift */ = {
			isa = PBXNativeTarget;
			buildConfigurationList = D15EB88E20E9F9A8009626DE /* Build configuration list for PBXNativeTarget "happySwift" */;
			buildPhases = (
				8A06D9698A5233CBB726C692 /* [CP] Check Pods Manifest.lock */,
				D15EB87520E9F9A7009626DE /* Sources */,
				D15EB87620E9F9A7009626DE /* Frameworks */,
				D15EB87720E9F9A7009626DE /* Resources */,
				6A0CAB34F38783AA588B51FC /* [CP] Embed Pods Frameworks */,
				6CF40A8DE381DC8CAC40C89B /* [CP] Copy Pods Resources */,
			);
			buildRules = (
			);
			dependencies = (
			);
			name = happySwift;
			productName = happySwift;
			productReference = D15EB87920E9F9A7009626DE /* happySwift.app */;
			productType = "com.apple.product-type.application";
		};
/* End PBXNativeTarget section */

/* Begin PBXProject section */
		D15EB87120E9F9A7009626DE /* Project object */ = {
			isa = PBXProject;
			attributes = {
				LastSwiftUpdateCheck = 0930;
				LastUpgradeCheck = 0930;
				ORGANIZATIONNAME = slardar;
				TargetAttributes = {
					D15EB87820E9F9A7009626DE = {
						CreatedOnToolsVersion = 9.3.1;
					};
				};
			};
			buildConfigurationList = D15EB87420E9F9A7009626DE /* Build configuration list for PBXProject "happySwift" */;
			compatibilityVersion = "Xcode 9.3";
			developmentRegion = en;
			hasScannedForEncodings = 0;
			knownRegions = (
				en,
				Base,
			);
			mainGroup = D15EB87020E9F9A7009626DE;
			productRefGroup = D15EB87A20E9F9A7009626DE /* Products */;
			projectDirPath = "";
			projectRoot = "";
			targets = (
				D15EB87820E9F9A7009626DE /* happySwift */,
			);
		};
/* End PBXProject section */

/* Begin PBXResourcesBuildPhase section */
		D15EB87720E9F9A7009626DE /* Resources */ = {
			isa = PBXResourcesBuildPhase;
			buildActionMask = 2147483647;
			files = (
				D15EB88A20E9F9A8009626DE /* LaunchScreen.storyboard in Resources */,
				D15EB88720E9F9A8009626DE /* Assets.xcassets in Resources */,
				D15EB88220E9F9A7009626DE /* Main.storyboard in Resources */,
				D15EB89420EA0AB3009626DE /* resources.bundle in Resources */,
			);
			runOnlyForDeploymentPostprocessing = 0;
		};
/* End PBXResourcesBuildPhase section */

/* Begin PBXShellScriptBuildPhase section */
		6A0CAB34F38783AA588B51FC /* [CP] Embed Pods Frameworks */ = {
			isa = PBXShellScriptBuildPhase;
			buildActionMask = 2147483647;
			files = (
			);
			inputPaths = (
				"${SRCROOT}/Pods/Target Support Files/Pods-happySwift/Pods-happySwift-frameworks.sh",
				"${BUILT_PRODUCTS_DIR}/SnapKit/SnapKit.framework",
			);
			name = "[CP] Embed Pods Frameworks";
			outputPaths = (
				"${TARGET_BUILD_DIR}/${FRAMEWORKS_FOLDER_PATH}/SnapKit.framework",
			);
			runOnlyForDeploymentPostprocessing = 0;
			shellPath = /bin/sh;
			shellScript = "\"${SRCROOT}/Pods/Target Support Files/Pods-happySwift/Pods-happySwift-frameworks.sh\"\n";
			showEnvVarsInLog = 0;
		};
		6CF40A8DE381DC8CAC40C89B /* [CP] Copy Pods Resources */ = {
			isa = PBXShellScriptBuildPhase;
			buildActionMask = 2147483647;
			files = (
			);
			inputPaths = (
			);
			name = "[CP] Copy Pods Resources";
			outputPaths = (
			);
			runOnlyForDeploymentPostprocessing = 0;
			shellPath = /bin/sh;
			shellScript = "\"${SRCROOT}/Pods/Target Support Files/Pods-happySwift/Pods-happySwift-resources.sh\"\n";
			showEnvVarsInLog = 0;
		};
		8A06D9698A5233CBB726C692 /* [CP] Check Pods Manifest.lock */ = {
			isa = PBXShellScriptBuildPhase;
			buildActionMask = 2147483647;
			files = (
			);
			inputPaths = (
				"${PODS_PODFILE_DIR_PATH}/Podfile.lock",
				"${PODS_ROOT}/Manifest.lock",
			);
			name = "[CP] Check Pods Manifest.lock";
			outputPaths = (
				"$(DERIVED_FILE_DIR)/Pods-happySwift-checkManifestLockResult.txt",
			);
			runOnlyForDeploymentPostprocessing = 0;
			shellPath = /bin/sh;
			shellScript = "diff \"${PODS_PODFILE_DIR_PATH}/Podfile.lock\" \"${PODS_ROOT}/Manifest.lock\" > /dev/null\nif [ $? != 0 ] ; then\n    # print error to STDERR\n    echo \"error: The sandbox is not in sync with the Podfile.lock. Run 'pod install' or update your CocoaPods installation.\" >&2\n    exit 1\nfi\n# This output is used by Xcode 'outputs' to avoid re-running this script phase.\necho \"SUCCESS\" > \"${SCRIPT_OUTPUT_FILE_0}\"\n";
			showEnvVarsInLog = 0;
		};
/* End PBXShellScriptBuildPhase section */

/* Begin PBXSourcesBuildPhase section */
		D15EB87520E9F9A7009626DE /* Sources */ = {
			isa = PBXSourcesBuildPhase;
			buildActionMask = 2147483647;
			files = (
				D17136AC214B9BCD003BC94D /* HSShowViewController.swift in Sources */,
				D171369E214B98BE003BC94D /* extensionUILabel.swift in Sources */,
				D1692696214FAC5F006E7498 /* HSProgressView.swift in Sources */,
				D15EB87F20E9F9A7009626DE /* ViewController.swift in Sources */,
				D171369C214B98A1003BC94D /* extensionUIView.swift in Sources */,
				D1692682214F5AE6006E7498 /* extensionString.swift in Sources */,
				D1692684214F5ECC006E7498 /* extensionNSAttributedString.swift in Sources */,
				D17136AB214B9BCD003BC94D /* HSCollectionViewFlowLayout.swift in Sources */,
				D17136B5214B9CB5003BC94D /* HSStruct.swift in Sources */,
				D17136B3214B9C7B003BC94D /* HSEnum.swift in Sources */,
				D17136AE214B9BCD003BC94D /* HSCollectionViewCell.swift in Sources */,
				D1692695214FAC5F006E7498 /* HSDottedView.swift in Sources */,
				D17136B7214BA197003BC94D /* HSDefine.swift in Sources */,
				D15EB88520E9F9A7009626DE /* happySwift.xcdatamodeld in Sources */,
				D17136AF214B9BCD003BC94D /* HSUITestViewController.swift in Sources */,
				D15EB87D20E9F9A7009626DE /* AppDelegate.swift in Sources */,
				D1692680214F4BC5006E7498 /* extensionNSObject.swift in Sources */,
				D1692691214F85AF006E7498 /* extensionUIColor.swift in Sources */,
				D1E788F52150E8860059CEF0 /* extensionArray.swift in Sources */,
				D1692686214F7B06006E7498 /* extensionPHAsset.swift in Sources */,
				D169268A214F7B3E006E7498 /* extensionUIAlertController.swift in Sources */,
				D17136B1214B9C38003BC94D /* HSObject.swift in Sources */,
				D169268C214F7BCB006E7498 /* extensionUIImage.swift in Sources */,
			);
			runOnlyForDeploymentPostprocessing = 0;
		};
/* End PBXSourcesBuildPhase section */

/* Begin PBXVariantGroup section */
		D15EB88020E9F9A7009626DE /* Main.storyboard */ = {
			isa = PBXVariantGroup;
			children = (
				D15EB88120E9F9A7009626DE /* Base */,
			);
			name = Main.storyboard;
			sourceTree = "<group>";
		};
		D15EB88820E9F9A8009626DE /* LaunchScreen.storyboard */ = {
			isa = PBXVariantGroup;
			children = (
				D15EB88920E9F9A8009626DE /* Base */,
			);
			name = LaunchScreen.storyboard;
			sourceTree = "<group>";
		};
/* End PBXVariantGroup section */

/* Begin XCBuildConfiguration section */
		D15EB88C20E9F9A8009626DE /* Debug */ = {
			isa = XCBuildConfiguration;
			buildSettings = {
				ALWAYS_SEARCH_USER_PATHS = NO;
				CLANG_ANALYZER_NONNULL = YES;
				CLANG_ANALYZER_NUMBER_OBJECT_CONVERSION = YES_AGGRESSIVE;
				CLANG_CXX_LANGUAGE_STANDARD = "gnu++14";
				CLANG_CXX_LIBRARY = "libc++";
				CLANG_ENABLE_MODULES = YES;
				CLANG_ENABLE_OBJC_ARC = YES;
				CLANG_ENABLE_OBJC_WEAK = YES;
				CLANG_WARN_BLOCK_CAPTURE_AUTORELEASING = YES;
				CLANG_WARN_BOOL_CONVERSION = YES;
				CLANG_WARN_COMMA = YES;
				CLANG_WARN_CONSTANT_CONVERSION = YES;
				CLANG_WARN_DEPRECATED_OBJC_IMPLEMENTATIONS = YES;
				CLANG_WARN_DIRECT_OBJC_ISA_USAGE = YES_ERROR;
				CLANG_WARN_DOCUMENTATION_COMMENTS = YES;
				CLANG_WARN_EMPTY_BODY = YES;
				CLANG_WARN_ENUM_CONVERSION = YES;
				CLANG_WARN_INFINITE_RECURSION = YES;
				CLANG_WARN_INT_CONVERSION = YES;
				CLANG_WARN_NON_LITERAL_NULL_CONVERSION = YES;
				CLANG_WARN_OBJC_IMPLICIT_RETAIN_SELF = YES;
				CLANG_WARN_OBJC_LITERAL_CONVERSION = YES;
				CLANG_WARN_OBJC_ROOT_CLASS = YES_ERROR;
				CLANG_WARN_RANGE_LOOP_ANALYSIS = YES;
				CLANG_WARN_STRICT_PROTOTYPES = YES;
				CLANG_WARN_SUSPICIOUS_MOVE = YES;
				CLANG_WARN_UNGUARDED_AVAILABILITY = YES_AGGRESSIVE;
				CLANG_WARN_UNREACHABLE_CODE = YES;
				CLANG_WARN__DUPLICATE_METHOD_MATCH = YES;
				CODE_SIGN_IDENTITY = "iPhone Developer";
				COPY_PHASE_STRIP = NO;
				DEBUG_INFORMATION_FORMAT = dwarf;
				ENABLE_STRICT_OBJC_MSGSEND = YES;
				ENABLE_TESTABILITY = YES;
				GCC_C_LANGUAGE_STANDARD = gnu11;
				GCC_DYNAMIC_NO_PIC = NO;
				GCC_NO_COMMON_BLOCKS = YES;
				GCC_OPTIMIZATION_LEVEL = 0;
				GCC_PREPROCESSOR_DEFINITIONS = (
					"DEBUG=1",
					"$(inherited)",
				);
				GCC_WARN_64_TO_32_BIT_CONVERSION = YES;
				GCC_WARN_ABOUT_RETURN_TYPE = YES_ERROR;
				GCC_WARN_UNDECLARED_SELECTOR = YES;
				GCC_WARN_UNINITIALIZED_AUTOS = YES_AGGRESSIVE;
				GCC_WARN_UNUSED_FUNCTION = YES;
				GCC_WARN_UNUSED_VARIABLE = YES;
				IPHONEOS_DEPLOYMENT_TARGET = 11.3;
				MTL_ENABLE_DEBUG_INFO = YES;
				ONLY_ACTIVE_ARCH = YES;
				SDKROOT = iphoneos;
				SWIFT_ACTIVE_COMPILATION_CONDITIONS = DEBUG;
				SWIFT_OPTIMIZATION_LEVEL = "-Onone";
			};
			name = Debug;
		};
		D15EB88D20E9F9A8009626DE /* Release */ = {
			isa = XCBuildConfiguration;
			buildSettings = {
				ALWAYS_SEARCH_USER_PATHS = NO;
				CLANG_ANALYZER_NONNULL = YES;
				CLANG_ANALYZER_NUMBER_OBJECT_CONVERSION = YES_AGGRESSIVE;
				CLANG_CXX_LANGUAGE_STANDARD = "gnu++14";
				CLANG_CXX_LIBRARY = "libc++";
				CLANG_ENABLE_MODULES = YES;
				CLANG_ENABLE_OBJC_ARC = YES;
				CLANG_ENABLE_OBJC_WEAK = YES;
				CLANG_WARN_BLOCK_CAPTURE_AUTORELEASING = YES;
				CLANG_WARN_BOOL_CONVERSION = YES;
				CLANG_WARN_COMMA = YES;
				CLANG_WARN_CONSTANT_CONVERSION = YES;
				CLANG_WARN_DEPRECATED_OBJC_IMPLEMENTATIONS = YES;
				CLANG_WARN_DIRECT_OBJC_ISA_USAGE = YES_ERROR;
				CLANG_WARN_DOCUMENTATION_COMMENTS = YES;
				CLANG_WARN_EMPTY_BODY = YES;
				CLANG_WARN_ENUM_CONVERSION = YES;
				CLANG_WARN_INFINITE_RECURSION = YES;
				CLANG_WARN_INT_CONVERSION = YES;
				CLANG_WARN_NON_LITERAL_NULL_CONVERSION = YES;
				CLANG_WARN_OBJC_IMPLICIT_RETAIN_SELF = YES;
				CLANG_WARN_OBJC_LITERAL_CONVERSION = YES;
				CLANG_WARN_OBJC_ROOT_CLASS = YES_ERROR;
				CLANG_WARN_RANGE_LOOP_ANALYSIS = YES;
				CLANG_WARN_STRICT_PROTOTYPES = YES;
				CLANG_WARN_SUSPICIOUS_MOVE = YES;
				CLANG_WARN_UNGUARDED_AVAILABILITY = YES_AGGRESSIVE;
				CLANG_WARN_UNREACHABLE_CODE = YES;
				CLANG_WARN__DUPLICATE_METHOD_MATCH = YES;
				CODE_SIGN_IDENTITY = "iPhone Developer";
				COPY_PHASE_STRIP = NO;
				DEBUG_INFORMATION_FORMAT = "dwarf-with-dsym";
				ENABLE_NS_ASSERTIONS = NO;
				ENABLE_STRICT_OBJC_MSGSEND = YES;
				GCC_C_LANGUAGE_STANDARD = gnu11;
				GCC_NO_COMMON_BLOCKS = YES;
				GCC_WARN_64_TO_32_BIT_CONVERSION = YES;
				GCC_WARN_ABOUT_RETURN_TYPE = YES_ERROR;
				GCC_WARN_UNDECLARED_SELECTOR = YES;
				GCC_WARN_UNINITIALIZED_AUTOS = YES_AGGRESSIVE;
				GCC_WARN_UNUSED_FUNCTION = YES;
				GCC_WARN_UNUSED_VARIABLE = YES;
				IPHONEOS_DEPLOYMENT_TARGET = 11.3;
				MTL_ENABLE_DEBUG_INFO = NO;
				SDKROOT = iphoneos;
				SWIFT_COMPILATION_MODE = wholemodule;
				SWIFT_OPTIMIZATION_LEVEL = "-O";
				VALIDATE_PRODUCT = YES;
			};
			name = Release;
		};
		D15EB88F20E9F9A8009626DE /* Debug */ = {
			isa = XCBuildConfiguration;
			baseConfigurationReference = B66E2F43DFCE421080F40600 /* Pods-happySwift.debug.xcconfig */;
			buildSettings = {
				ASSETCATALOG_COMPILER_APPICON_NAME = AppIcon;
				CODE_SIGN_STYLE = Automatic;
				DEVELOPMENT_TEAM = 36C736M4FU;
				INFOPLIST_FILE = happySwift/Info.plist;
				IPHONEOS_DEPLOYMENT_TARGET = 10.2;
				LD_RUNPATH_SEARCH_PATHS = (
					"$(inherited)",
					"@executable_path/Frameworks",
				);
				PRODUCT_BUNDLE_IDENTIFIER = slardar.happySwift;
				PRODUCT_NAME = "$(TARGET_NAME)";
				SWIFT_VERSION = 4.0;
				TARGETED_DEVICE_FAMILY = 1;
			};
			name = Debug;
		};
		D15EB89020E9F9A8009626DE /* Release */ = {
			isa = XCBuildConfiguration;
			baseConfigurationReference = 9C0ADBC8CB8C412AA22D6ED5 /* Pods-happySwift.release.xcconfig */;
			buildSettings = {
				ASSETCATALOG_COMPILER_APPICON_NAME = AppIcon;
				CODE_SIGN_STYLE = Automatic;
				DEVELOPMENT_TEAM = 36C736M4FU;
				INFOPLIST_FILE = happySwift/Info.plist;
				IPHONEOS_DEPLOYMENT_TARGET = 10.2;
				LD_RUNPATH_SEARCH_PATHS = (
					"$(inherited)",
					"@executable_path/Frameworks",
				);
				PRODUCT_BUNDLE_IDENTIFIER = slardar.happySwift;
				PRODUCT_NAME = "$(TARGET_NAME)";
				SWIFT_VERSION = 4.0;
				TARGETED_DEVICE_FAMILY = 1;
			};
			name = Release;
		};
/* End XCBuildConfiguration section */

/* Begin XCConfigurationList section */
		D15EB87420E9F9A7009626DE /* Build configuration list for PBXProject "happySwift" */ = {
			isa = XCConfigurationList;
			buildConfigurations = (
				D15EB88C20E9F9A8009626DE /* Debug */,
				D15EB88D20E9F9A8009626DE /* Release */,
			);
			defaultConfigurationIsVisible = 0;
			defaultConfigurationName = Release;
		};
		D15EB88E20E9F9A8009626DE /* Build configuration list for PBXNativeTarget "happySwift" */ = {
			isa = XCConfigurationList;
			buildConfigurations = (
				D15EB88F20E9F9A8009626DE /* Debug */,
				D15EB89020E9F9A8009626DE /* Release */,
			);
			defaultConfigurationIsVisible = 0;
			defaultConfigurationName = Release;
		};
/* End XCConfigurationList section */

/* Begin XCVersionGroup section */
		D15EB88320E9F9A7009626DE /* happySwift.xcdatamodeld */ = {
			isa = XCVersionGroup;
			children = (
				D15EB88420E9F9A7009626DE /* happySwift.xcdatamodel */,
			);
			currentVersion = D15EB88420E9F9A7009626DE /* happySwift.xcdatamodel */;
			path = happySwift.xcdatamodeld;
			sourceTree = "<group>";
			versionGroupType = wrapper.xcdatamodel;
		};
/* End XCVersionGroup section */
	};
	rootObject = D15EB87120E9F9A7009626DE /* Project object */;
}
