// !$*UTF8*$!
{
	archiveVersion = 1;
	classes = {
	};
	objectVersion = 50;
	objects = {

/* Begin PBXBuildFile section */
		0BDA8FAB9B187C73DF0BA356 /* Pods_AliPush.framework in Frameworks */ = {isa = PBXBuildFile; fileRef = 168BE3A599802725AE3949E3 /* Pods_AliPush.framework */; };
		D154194823B4A61C00F2E566 /* AliPush.h in Headers */ = {isa = PBXBuildFile; fileRef = D154194623B4A61C00F2E566 /* AliPush.h */; settings = {ATTRIBUTES = (Public, ); }; };
		D1AC49F923B4A6B200B1DA20 /* UTDID.framework in Frameworks */ = {isa = PBXBuildFile; fileRef = D1AC49F523B4A6B200B1DA20 /* UTDID.framework */; };
		D1AC49FA23B4A6B200B1DA20 /* AlicloudUtils.framework in Frameworks */ = {isa = PBXBuildFile; fileRef = D1AC49F623B4A6B200B1DA20 /* AlicloudUtils.framework */; };
		D1AC49FB23B4A6B200B1DA20 /* CloudPushSDK.framework in Frameworks */ = {isa = PBXBuildFile; fileRef = D1AC49F723B4A6B200B1DA20 /* CloudPushSDK.framework */; };
		D1AC49FC23B4A6B200B1DA20 /* UTMini.framework in Frameworks */ = {isa = PBXBuildFile; fileRef = D1AC49F823B4A6B200B1DA20 /* UTMini.framework */; };
		D1AC49FF23B4A70B00B1DA20 /* AliPush-Bridging-Header.h in Headers */ = {isa = PBXBuildFile; fileRef = D1AC49FE23B4A70B00B1DA20 /* AliPush-Bridging-Header.h */; };
		D1AC4A0123B4A76F00B1DA20 /* APush.swift in Sources */ = {isa = PBXBuildFile; fileRef = D1AC4A0023B4A76F00B1DA20 /* APush.swift */; };
		D1AC4A0323B4A86800B1DA20 /* libz.tbd in Frameworks */ = {isa = PBXBuildFile; fileRef = D1AC4A0223B4A86800B1DA20 /* libz.tbd */; };
		D1AC4A0523B4A87D00B1DA20 /* libresolv.tbd in Frameworks */ = {isa = PBXBuildFile; fileRef = D1AC4A0423B4A87C00B1DA20 /* libresolv.tbd */; };
/* End PBXBuildFile section */

/* Begin PBXFileReference section */
		168BE3A599802725AE3949E3 /* Pods_AliPush.framework */ = {isa = PBXFileReference; explicitFileType = wrapper.framework; includeInIndex = 0; path = Pods_AliPush.framework; sourceTree = BUILT_PRODUCTS_DIR; };
		429E0F679FF847B5D97A211E /* Pods-AliPush.release.xcconfig */ = {isa = PBXFileReference; includeInIndex = 1; lastKnownFileType = text.xcconfig; name = "Pods-AliPush.release.xcconfig"; path = "Target Support Files/Pods-AliPush/Pods-AliPush.release.xcconfig"; sourceTree = "<group>"; };
		698139E80A517284F6F2AFB1 /* Pods-AliPush.debug.xcconfig */ = {isa = PBXFileReference; includeInIndex = 1; lastKnownFileType = text.xcconfig; name = "Pods-AliPush.debug.xcconfig"; path = "Target Support Files/Pods-AliPush/Pods-AliPush.debug.xcconfig"; sourceTree = "<group>"; };
		D154194323B4A61C00F2E566 /* AliPush.framework */ = {isa = PBXFileReference; explicitFileType = wrapper.framework; includeInIndex = 0; path = AliPush.framework; sourceTree = BUILT_PRODUCTS_DIR; };
		D154194623B4A61C00F2E566 /* AliPush.h */ = {isa = PBXFileReference; lastKnownFileType = sourcecode.c.h; path = AliPush.h; sourceTree = "<group>"; };
		D154194723B4A61C00F2E566 /* Info.plist */ = {isa = PBXFileReference; lastKnownFileType = text.plist.xml; path = Info.plist; sourceTree = "<group>"; };
		D1AC49F523B4A6B200B1DA20 /* UTDID.framework */ = {isa = PBXFileReference; lastKnownFileType = wrapper.framework; name = UTDID.framework; path = AliPush/framewords/UTDID.framework; sourceTree = "<group>"; };
		D1AC49F623B4A6B200B1DA20 /* AlicloudUtils.framework */ = {isa = PBXFileReference; lastKnownFileType = wrapper.framework; name = AlicloudUtils.framework; path = AliPush/framewords/AlicloudUtils.framework; sourceTree = "<group>"; };
		D1AC49F723B4A6B200B1DA20 /* CloudPushSDK.framework */ = {isa = PBXFileReference; lastKnownFileType = wrapper.framework; name = CloudPushSDK.framework; path = AliPush/framewords/CloudPushSDK.framework; sourceTree = "<group>"; };
		D1AC49F823B4A6B200B1DA20 /* UTMini.framework */ = {isa = PBXFileReference; lastKnownFileType = wrapper.framework; name = UTMini.framework; path = AliPush/framewords/UTMini.framework; sourceTree = "<group>"; };
		D1AC49FD23B4A6E100B1DA20 /* module.modulemap */ = {isa = PBXFileReference; lastKnownFileType = "sourcecode.module-map"; path = module.modulemap; sourceTree = "<group>"; };
		D1AC49FE23B4A70B00B1DA20 /* AliPush-Bridging-Header.h */ = {isa = PBXFileReference; lastKnownFileType = sourcecode.c.h; path = "AliPush-Bridging-Header.h"; sourceTree = "<group>"; };
		D1AC4A0023B4A76F00B1DA20 /* APush.swift */ = {isa = PBXFileReference; lastKnownFileType = sourcecode.swift; path = APush.swift; sourceTree = "<group>"; };
		D1AC4A0223B4A86800B1DA20 /* libz.tbd */ = {isa = PBXFileReference; lastKnownFileType = "sourcecode.text-based-dylib-definition"; name = libz.tbd; path = usr/lib/libz.tbd; sourceTree = SDKROOT; };
		D1AC4A0423B4A87C00B1DA20 /* libresolv.tbd */ = {isa = PBXFileReference; lastKnownFileType = "sourcecode.text-based-dylib-definition"; name = libresolv.tbd; path = usr/lib/libresolv.tbd; sourceTree = SDKROOT; };
/* End PBXFileReference section */

/* Begin PBXFrameworksBuildPhase section */
		D154194023B4A61C00F2E566 /* Frameworks */ = {
			isa = PBXFrameworksBuildPhase;
			buildActionMask = 2147483647;
			files = (
				D1AC4A0523B4A87D00B1DA20 /* libresolv.tbd in Frameworks */,
				D1AC4A0323B4A86800B1DA20 /* libz.tbd in Frameworks */,
				0BDA8FAB9B187C73DF0BA356 /* Pods_AliPush.framework in Frameworks */,
				D1AC49F923B4A6B200B1DA20 /* UTDID.framework in Frameworks */,
				D1AC49FA23B4A6B200B1DA20 /* AlicloudUtils.framework in Frameworks */,
				D1AC49FB23B4A6B200B1DA20 /* CloudPushSDK.framework in Frameworks */,
				D1AC49FC23B4A6B200B1DA20 /* UTMini.framework in Frameworks */,
			);
			runOnlyForDeploymentPostprocessing = 0;
		};
/* End PBXFrameworksBuildPhase section */

/* Begin PBXGroup section */
		4D5B02D42048232FE4164914 /* Pods */ = {
			isa = PBXGroup;
			children = (
				698139E80A517284F6F2AFB1 /* Pods-AliPush.debug.xcconfig */,
				429E0F679FF847B5D97A211E /* Pods-AliPush.release.xcconfig */,
			);
			name = Pods;
			path = ../Pods;
			sourceTree = "<group>";
		};
		D154193923B4A61C00F2E566 = {
			isa = PBXGroup;
			children = (
				D154194523B4A61C00F2E566 /* AliPush */,
				D154194423B4A61C00F2E566 /* Products */,
				4D5B02D42048232FE4164914 /* Pods */,
				F5A0E279D83A059E1FCD2C3D /* Frameworks */,
			);
			sourceTree = "<group>";
		};
		D154194423B4A61C00F2E566 /* Products */ = {
			isa = PBXGroup;
			children = (
				D154194323B4A61C00F2E566 /* AliPush.framework */,
			);
			name = Products;
			sourceTree = "<group>";
		};
		D154194523B4A61C00F2E566 /* AliPush */ = {
			isa = PBXGroup;
			children = (
				D154194623B4A61C00F2E566 /* AliPush.h */,
				D154194723B4A61C00F2E566 /* Info.plist */,
				D1AC49FD23B4A6E100B1DA20 /* module.modulemap */,
				D1AC49FE23B4A70B00B1DA20 /* AliPush-Bridging-Header.h */,
				D1AC4A0023B4A76F00B1DA20 /* APush.swift */,
			);
			path = AliPush;
			sourceTree = "<group>";
		};
		F5A0E279D83A059E1FCD2C3D /* Frameworks */ = {
			isa = PBXGroup;
			children = (
				D1AC4A0423B4A87C00B1DA20 /* libresolv.tbd */,
				D1AC4A0223B4A86800B1DA20 /* libz.tbd */,
				D1AC49F623B4A6B200B1DA20 /* AlicloudUtils.framework */,
				D1AC49F723B4A6B200B1DA20 /* CloudPushSDK.framework */,
				D1AC49F523B4A6B200B1DA20 /* UTDID.framework */,
				D1AC49F823B4A6B200B1DA20 /* UTMini.framework */,
				168BE3A599802725AE3949E3 /* Pods_AliPush.framework */,
			);
			name = Frameworks;
			sourceTree = "<group>";
		};
/* End PBXGroup section */

/* Begin PBXHeadersBuildPhase section */
		D154193E23B4A61C00F2E566 /* Headers */ = {
			isa = PBXHeadersBuildPhase;
			buildActionMask = 2147483647;
			files = (
				D1AC49FF23B4A70B00B1DA20 /* AliPush-Bridging-Header.h in Headers */,
				D154194823B4A61C00F2E566 /* AliPush.h in Headers */,
			);
			runOnlyForDeploymentPostprocessing = 0;
		};
/* End PBXHeadersBuildPhase section */

/* Begin PBXNativeTarget section */
		D154194223B4A61C00F2E566 /* AliPush */ = {
			isa = PBXNativeTarget;
			buildConfigurationList = D154194B23B4A61C00F2E566 /* Build configuration list for PBXNativeTarget "AliPush" */;
			buildPhases = (
				F77F3F43E84833BAD77F76AD /* [CP] Check Pods Manifest.lock */,
				D154193E23B4A61C00F2E566 /* Headers */,
				D154193F23B4A61C00F2E566 /* Sources */,
				D154194023B4A61C00F2E566 /* Frameworks */,
				D154194123B4A61C00F2E566 /* Resources */,
			);
			buildRules = (
			);
			dependencies = (
			);
			name = AliPush;
			productName = AliPush;
			productReference = D154194323B4A61C00F2E566 /* AliPush.framework */;
			productType = "com.apple.product-type.framework";
		};
/* End PBXNativeTarget section */

/* Begin PBXProject section */
		D154193A23B4A61C00F2E566 /* Project object */ = {
			isa = PBXProject;
			attributes = {
				LastUpgradeCheck = 1020;
				ORGANIZATIONNAME = dfsx;
				TargetAttributes = {
					D154194223B4A61C00F2E566 = {
						CreatedOnToolsVersion = 10.2;
						LastSwiftMigration = 1020;
					};
				};
			};
			buildConfigurationList = D154193D23B4A61C00F2E566 /* Build configuration list for PBXProject "AliPush" */;
			compatibilityVersion = "Xcode 9.3";
			developmentRegion = en;
			hasScannedForEncodings = 0;
			knownRegions = (
				en,
			);
			mainGroup = D154193923B4A61C00F2E566;
			productRefGroup = D154194423B4A61C00F2E566 /* Products */;
			projectDirPath = "";
			projectRoot = "";
			targets = (
				D154194223B4A61C00F2E566 /* AliPush */,
			);
		};
/* End PBXProject section */

/* Begin PBXResourcesBuildPhase section */
		D154194123B4A61C00F2E566 /* Resources */ = {
			isa = PBXResourcesBuildPhase;
			buildActionMask = 2147483647;
			files = (
			);
			runOnlyForDeploymentPostprocessing = 0;
		};
/* End PBXResourcesBuildPhase section */

/* Begin PBXShellScriptBuildPhase section */
		F77F3F43E84833BAD77F76AD /* [CP] Check Pods Manifest.lock */ = {
			isa = PBXShellScriptBuildPhase;
			buildActionMask = 2147483647;
			files = (
			);
			inputFileListPaths = (
			);
			inputPaths = (
				"${PODS_PODFILE_DIR_PATH}/Podfile.lock",
				"${PODS_ROOT}/Manifest.lock",
			);
			name = "[CP] Check Pods Manifest.lock";
			outputFileListPaths = (
			);
			outputPaths = (
				"$(DERIVED_FILE_DIR)/Pods-AliPush-checkManifestLockResult.txt",
			);
			runOnlyForDeploymentPostprocessing = 0;
			shellPath = /bin/sh;
			shellScript = "diff \"${PODS_PODFILE_DIR_PATH}/Podfile.lock\" \"${PODS_ROOT}/Manifest.lock\" > /dev/null\nif [ $? != 0 ] ; then\n    # print error to STDERR\n    echo \"error: The sandbox is not in sync with the Podfile.lock. Run 'pod install' or update your CocoaPods installation.\" >&2\n    exit 1\nfi\n# This output is used by Xcode 'outputs' to avoid re-running this script phase.\necho \"SUCCESS\" > \"${SCRIPT_OUTPUT_FILE_0}\"\n";
			showEnvVarsInLog = 0;
		};
/* End PBXShellScriptBuildPhase section */

/* Begin PBXSourcesBuildPhase section */
		D154193F23B4A61C00F2E566 /* Sources */ = {
			isa = PBXSourcesBuildPhase;
			buildActionMask = 2147483647;
			files = (
				D1AC4A0123B4A76F00B1DA20 /* APush.swift in Sources */,
			);
			runOnlyForDeploymentPostprocessing = 0;
		};
/* End PBXSourcesBuildPhase section */

/* Begin XCBuildConfiguration section */
		D154194923B4A61C00F2E566 /* Debug */ = {
			isa = XCBuildConfiguration;
			buildSettings = {
				ALWAYS_SEARCH_USER_PATHS = NO;
				CLANG_ANALYZER_NONNULL = YES;
				CLANG_ANALYZER_NUMBER_OBJECT_CONVERSION = YES_AGGRESSIVE;
				CLANG_CXX_LANGUAGE_STANDARD = "gnu++14";
				CLANG_CXX_LIBRARY = "libc++";
				CLANG_ENABLE_MODULES = YES;
				CLANG_ENABLE_OBJC_ARC = YES;
				CLANG_ENABLE_OBJC_WEAK = YES;
				CLANG_WARN_BLOCK_CAPTURE_AUTORELEASING = YES;
				CLANG_WARN_BOOL_CONVERSION = YES;
				CLANG_WARN_COMMA = YES;
				CLANG_WARN_CONSTANT_CONVERSION = YES;
				CLANG_WARN_DEPRECATED_OBJC_IMPLEMENTATIONS = YES;
				CLANG_WARN_DIRECT_OBJC_ISA_USAGE = YES_ERROR;
				CLANG_WARN_DOCUMENTATION_COMMENTS = YES;
				CLANG_WARN_EMPTY_BODY = YES;
				CLANG_WARN_ENUM_CONVERSION = YES;
				CLANG_WARN_INFINITE_RECURSION = YES;
				CLANG_WARN_INT_CONVERSION = YES;
				CLANG_WARN_NON_LITERAL_NULL_CONVERSION = YES;
				CLANG_WARN_OBJC_IMPLICIT_RETAIN_SELF = YES;
				CLANG_WARN_OBJC_LITERAL_CONVERSION = YES;
				CLANG_WARN_OBJC_ROOT_CLASS = YES_ERROR;
				CLANG_WARN_RANGE_LOOP_ANALYSIS = YES;
				CLANG_WARN_STRICT_PROTOTYPES = YES;
				CLANG_WARN_SUSPICIOUS_MOVE = YES;
				CLANG_WARN_UNGUARDED_AVAILABILITY = YES_AGGRESSIVE;
				CLANG_WARN_UNREACHABLE_CODE = YES;
				CLANG_WARN__DUPLICATE_METHOD_MATCH = YES;
				CODE_SIGN_IDENTITY = "iPhone Developer";
				COPY_PHASE_STRIP = NO;
				CURRENT_PROJECT_VERSION = 1;
				DEBUG_INFORMATION_FORMAT = dwarf;
				ENABLE_STRICT_OBJC_MSGSEND = YES;
				ENABLE_TESTABILITY = YES;
				GCC_C_LANGUAGE_STANDARD = gnu11;
				GCC_DYNAMIC_NO_PIC = NO;
				GCC_NO_COMMON_BLOCKS = YES;
				GCC_OPTIMIZATION_LEVEL = 0;
				GCC_PREPROCESSOR_DEFINITIONS = (
					"DEBUG=1",
					"$(inherited)",
				);
				GCC_WARN_64_TO_32_BIT_CONVERSION = YES;
				GCC_WARN_ABOUT_RETURN_TYPE = YES_ERROR;
				GCC_WARN_UNDECLARED_SELECTOR = YES;
				GCC_WARN_UNINITIALIZED_AUTOS = YES_AGGRESSIVE;
				GCC_WARN_UNUSED_FUNCTION = YES;
				GCC_WARN_UNUSED_VARIABLE = YES;
				IPHONEOS_DEPLOYMENT_TARGET = 12.2;
				MTL_ENABLE_DEBUG_INFO = INCLUDE_SOURCE;
				MTL_FAST_MATH = YES;
				ONLY_ACTIVE_ARCH = YES;
				SDKROOT = iphoneos;
				SWIFT_ACTIVE_COMPILATION_CONDITIONS = DEBUG;
				SWIFT_OPTIMIZATION_LEVEL = "-Onone";
				VERSIONING_SYSTEM = "apple-generic";
				VERSION_INFO_PREFIX = "";
			};
			name = Debug;
		};
		D154194A23B4A61C00F2E566 /* Release */ = {
			isa = XCBuildConfiguration;
			buildSettings = {
				ALWAYS_SEARCH_USER_PATHS = NO;
				CLANG_ANALYZER_NONNULL = YES;
				CLANG_ANALYZER_NUMBER_OBJECT_CONVERSION = YES_AGGRESSIVE;
				CLANG_CXX_LANGUAGE_STANDARD = "gnu++14";
				CLANG_CXX_LIBRARY = "libc++";
				CLANG_ENABLE_MODULES = YES;
				CLANG_ENABLE_OBJC_ARC = YES;
				CLANG_ENABLE_OBJC_WEAK = YES;
				CLANG_WARN_BLOCK_CAPTURE_AUTORELEASING = YES;
				CLANG_WARN_BOOL_CONVERSION = YES;
				CLANG_WARN_COMMA = YES;
				CLANG_WARN_CONSTANT_CONVERSION = YES;
				CLANG_WARN_DEPRECATED_OBJC_IMPLEMENTATIONS = YES;
				CLANG_WARN_DIRECT_OBJC_ISA_USAGE = YES_ERROR;
				CLANG_WARN_DOCUMENTATION_COMMENTS = YES;
				CLANG_WARN_EMPTY_BODY = YES;
				CLANG_WARN_ENUM_CONVERSION = YES;
				CLANG_WARN_INFINITE_RECURSION = YES;
				CLANG_WARN_INT_CONVERSION = YES;
				CLANG_WARN_NON_LITERAL_NULL_CONVERSION = YES;
				CLANG_WARN_OBJC_IMPLICIT_RETAIN_SELF = YES;
				CLANG_WARN_OBJC_LITERAL_CONVERSION = YES;
				CLANG_WARN_OBJC_ROOT_CLASS = YES_ERROR;
				CLANG_WARN_RANGE_LOOP_ANALYSIS = YES;
				CLANG_WARN_STRICT_PROTOTYPES = YES;
				CLANG_WARN_SUSPICIOUS_MOVE = YES;
				CLANG_WARN_UNGUARDED_AVAILABILITY = YES_AGGRESSIVE;
				CLANG_WARN_UNREACHABLE_CODE = YES;
				CLANG_WARN__DUPLICATE_METHOD_MATCH = YES;
				CODE_SIGN_IDENTITY = "iPhone Developer";
				COPY_PHASE_STRIP = NO;
				CURRENT_PROJECT_VERSION = 1;
				DEBUG_INFORMATION_FORMAT = "dwarf-with-dsym";
				ENABLE_NS_ASSERTIONS = NO;
				ENABLE_STRICT_OBJC_MSGSEND = YES;
				GCC_C_LANGUAGE_STANDARD = gnu11;
				GCC_NO_COMMON_BLOCKS = YES;
				GCC_WARN_64_TO_32_BIT_CONVERSION = YES;
				GCC_WARN_ABOUT_RETURN_TYPE = YES_ERROR;
				GCC_WARN_UNDECLARED_SELECTOR = YES;
				GCC_WARN_UNINITIALIZED_AUTOS = YES_AGGRESSIVE;
				GCC_WARN_UNUSED_FUNCTION = YES;
				GCC_WARN_UNUSED_VARIABLE = YES;
				IPHONEOS_DEPLOYMENT_TARGET = 12.2;
				MTL_ENABLE_DEBUG_INFO = NO;
				MTL_FAST_MATH = YES;
				SDKROOT = iphoneos;
				SWIFT_COMPILATION_MODE = wholemodule;
				SWIFT_OPTIMIZATION_LEVEL = "-O";
				VALIDATE_PRODUCT = YES;
				VERSIONING_SYSTEM = "apple-generic";
				VERSION_INFO_PREFIX = "";
			};
			name = Release;
		};
		D154194C23B4A61C00F2E566 /* Debug */ = {
			isa = XCBuildConfiguration;
			baseConfigurationReference = 698139E80A517284F6F2AFB1 /* Pods-AliPush.debug.xcconfig */;
			buildSettings = {
				CLANG_ENABLE_MODULES = YES;
				CODE_SIGN_IDENTITY = "";
				CODE_SIGN_STYLE = Automatic;
				DEFINES_MODULE = YES;
				DEVELOPMENT_TEAM = 54BSQLC2XK;
				DYLIB_COMPATIBILITY_VERSION = 1;
				DYLIB_CURRENT_VERSION = 1;
				DYLIB_INSTALL_NAME_BASE = "@rpath";
				ENABLE_BITCODE = NO;
				FRAMEWORK_SEARCH_PATHS = (
					"$(inherited)",
					"$(PROJECT_DIR)/AliPush/framewords",
				);
				INFOPLIST_FILE = AliPush/Info.plist;
				INSTALL_PATH = "$(LOCAL_LIBRARY_DIR)/Frameworks";
				IPHONEOS_DEPLOYMENT_TARGET = 9.0;
				LD_RUNPATH_SEARCH_PATHS = (
					"$(inherited)",
					"@executable_path/Frameworks",
					"@loader_path/Frameworks",
				);
				PRODUCT_BUNDLE_IDENTIFIER = com.ds.net.cn.AliPush;
				PRODUCT_NAME = "$(TARGET_NAME:c99extidentifier)";
				SKIP_INSTALL = YES;
				SWIFT_INCLUDE_PATHS = "$(SRCROOT)/AliPush";
				SWIFT_OPTIMIZATION_LEVEL = "-Onone";
				SWIFT_VERSION = 5.0;
				TARGETED_DEVICE_FAMILY = "1,2";
				VALID_ARCHS = "arm64 arm64e armv7s";
			};
			name = Debug;
		};
		D154194D23B4A61C00F2E566 /* Release */ = {
			isa = XCBuildConfiguration;
			baseConfigurationReference = 429E0F679FF847B5D97A211E /* Pods-AliPush.release.xcconfig */;
			buildSettings = {
				CLANG_ENABLE_MODULES = YES;
				CODE_SIGN_IDENTITY = "";
				CODE_SIGN_STYLE = Automatic;
				DEFINES_MODULE = YES;
				DEVELOPMENT_TEAM = 54BSQLC2XK;
				DYLIB_COMPATIBILITY_VERSION = 1;
				DYLIB_CURRENT_VERSION = 1;
				DYLIB_INSTALL_NAME_BASE = "@rpath";
				ENABLE_BITCODE = NO;
				FRAMEWORK_SEARCH_PATHS = (
					"$(inherited)",
					"$(PROJECT_DIR)/AliPush/framewords",
				);
				INFOPLIST_FILE = AliPush/Info.plist;
				INSTALL_PATH = "$(LOCAL_LIBRARY_DIR)/Frameworks";
				IPHONEOS_DEPLOYMENT_TARGET = 9.0;
				LD_RUNPATH_SEARCH_PATHS = (
					"$(inherited)",
					"@executable_path/Frameworks",
					"@loader_path/Frameworks",
				);
				PRODUCT_BUNDLE_IDENTIFIER = com.ds.net.cn.AliPush;
				PRODUCT_NAME = "$(TARGET_NAME:c99extidentifier)";
				SKIP_INSTALL = YES;
				SWIFT_INCLUDE_PATHS = "$(SRCROOT)/AliPush";
				SWIFT_VERSION = 5.0;
				TARGETED_DEVICE_FAMILY = "1,2";
				VALID_ARCHS = "arm64 arm64e armv7s";
			};
			name = Release;
		};
/* End XCBuildConfiguration section */

/* Begin XCConfigurationList section */
		D154193D23B4A61C00F2E566 /* Build configuration list for PBXProject "AliPush" */ = {
			isa = XCConfigurationList;
			buildConfigurations = (
				D154194923B4A61C00F2E566 /* Debug */,
				D154194A23B4A61C00F2E566 /* Release */,
			);
			defaultConfigurationIsVisible = 0;
			defaultConfigurationName = Release;
		};
		D154194B23B4A61C00F2E566 /* Build configuration list for PBXNativeTarget "AliPush" */ = {
			isa = XCConfigurationList;
			buildConfigurations = (
				D154194C23B4A61C00F2E566 /* Debug */,
				D154194D23B4A61C00F2E566 /* Release */,
			);
			defaultConfigurationIsVisible = 0;
			defaultConfigurationName = Release;
		};
/* End XCConfigurationList section */
	};
	rootObject = D154193A23B4A61C00F2E566 /* Project object */;
}
